// !$*UTF8*$!
{
	archiveVersion = 1;
	classes = {
	};
	objectVersion = 46;
	objects = {

/* Begin PBXBuildFile section */
		85090496171F704A009F125C /* UIKit.framework in Frameworks */ = {isa = PBXBuildFile; fileRef = 85090495171F704A009F125C /* UIKit.framework */; };
		85090498171F704A009F125C /* Foundation.framework in Frameworks */ = {isa = PBXBuildFile; fileRef = 85090497171F704A009F125C /* Foundation.framework */; };
		8509049A171F704A009F125C /* CoreGraphics.framework in Frameworks */ = {isa = PBXBuildFile; fileRef = 85090499171F704A009F125C /* CoreGraphics.framework */; };
		850904A0171F704A009F125C /* InfoPlist.strings in Resources */ = {isa = PBXBuildFile; fileRef = 8509049E171F704A009F125C /* InfoPlist.strings */; };
		850904A2171F704A009F125C /* main.m in Sources */ = {isa = PBXBuildFile; fileRef = 850904A1171F704A009F125C /* main.m */; };
		850904A6171F704A009F125C /* AppDelegate.m in Sources */ = {isa = PBXBuildFile; fileRef = 850904A5171F704A009F125C /* AppDelegate.m */; };
		850904A8171F704A009F125C /* Default.png in Resources */ = {isa = PBXBuildFile; fileRef = 850904A7171F704A009F125C /* Default.png */; };
		850904AA171F704A009F125C /* Default@2x.png in Resources */ = {isa = PBXBuildFile; fileRef = 850904A9171F704A009F125C /* Default@2x.png */; };
		850904AC171F704A009F125C /* Default-568h@2x.png in Resources */ = {isa = PBXBuildFile; fileRef = 850904AB171F704A009F125C /* Default-568h@2x.png */; };
		850904B4171F704A009F125C /* SenTestingKit.framework in Frameworks */ = {isa = PBXBuildFile; fileRef = 850904B3171F704A009F125C /* SenTestingKit.framework */; };
		850904B5171F704A009F125C /* UIKit.framework in Frameworks */ = {isa = PBXBuildFile; fileRef = 85090495171F704A009F125C /* UIKit.framework */; };
		850904B6171F704A009F125C /* Foundation.framework in Frameworks */ = {isa = PBXBuildFile; fileRef = 85090497171F704A009F125C /* Foundation.framework */; };
		850904BE171F704A009F125C /* InfoPlist.strings in Resources */ = {isa = PBXBuildFile; fileRef = 850904BC171F704A009F125C /* InfoPlist.strings */; };
		850904C1171F704A009F125C /* iPoochieTests.m in Sources */ = {isa = PBXBuildFile; fileRef = 850904C0171F704A009F125C /* iPoochieTests.m */; };
		850904DD171F7323009F125C /* TabBarController.xib in Resources */ = {isa = PBXBuildFile; fileRef = 850904DC171F7323009F125C /* TabBarController.xib */; };
		850904E9171F7869009F125C /* InteractViewController.m in Sources */ = {isa = PBXBuildFile; fileRef = 850904E7171F7869009F125C /* InteractViewController.m */; };
		850904EA171F7869009F125C /* InteractViewController.xib in Resources */ = {isa = PBXBuildFile; fileRef = 850904E8171F7869009F125C /* InteractViewController.xib */; };
		850904EE171F789E009F125C /* ClosetViewController.m in Sources */ = {isa = PBXBuildFile; fileRef = 850904EC171F789E009F125C /* ClosetViewController.m */; };
		850904EF171F789E009F125C /* ClosetViewController.xib in Resources */ = {isa = PBXBuildFile; fileRef = 850904ED171F789E009F125C /* ClosetViewController.xib */; };
		850904F3171F78BE009F125C /* GamesViewController.m in Sources */ = {isa = PBXBuildFile; fileRef = 850904F1171F78BE009F125C /* GamesViewController.m */; };
		850904F4171F78BE009F125C /* GamesViewController.xib in Resources */ = {isa = PBXBuildFile; fileRef = 850904F2171F78BE009F125C /* GamesViewController.xib */; };
		850904F8171F78D3009F125C /* StoreViewController.m in Sources */ = {isa = PBXBuildFile; fileRef = 850904F6171F78D3009F125C /* StoreViewController.m */; };
		850904F9171F78D3009F125C /* StoreViewController.xib in Resources */ = {isa = PBXBuildFile; fileRef = 850904F7171F78D3009F125C /* StoreViewController.xib */; };
		8509050C17259EA6009F125C /* items.plist in Resources */ = {isa = PBXBuildFile; fileRef = 8509050B17259EA6009F125C /* items.plist */; };
		856BBAC717352BB400CFA485 /* room.png in Resources */ = {isa = PBXBuildFile; fileRef = 856BBAC617352BB400CFA485 /* room.png */; };
		856BBADD17353A2100CFA485 /* wagging1A.png in Resources */ = {isa = PBXBuildFile; fileRef = 856BBAC917353A2100CFA485 /* wagging1A.png */; };
		856BBADE17353A2100CFA485 /* wagging1B.png in Resources */ = {isa = PBXBuildFile; fileRef = 856BBACA17353A2100CFA485 /* wagging1B.png */; };
		856BBADF17353A2100CFA485 /* wagging1C.png in Resources */ = {isa = PBXBuildFile; fileRef = 856BBACB17353A2100CFA485 /* wagging1C.png */; };
		856BBAE017353A2100CFA485 /* wagging1D.png in Resources */ = {isa = PBXBuildFile; fileRef = 856BBACC17353A2100CFA485 /* wagging1D.png */; };
		856BBAE117353A2100CFA485 /* wagging1E.png in Resources */ = {isa = PBXBuildFile; fileRef = 856BBACD17353A2100CFA485 /* wagging1E.png */; };
		856BBAE217353A2100CFA485 /* wagging1F.png in Resources */ = {isa = PBXBuildFile; fileRef = 856BBACE17353A2100CFA485 /* wagging1F.png */; };
		856BBAE317353A2100CFA485 /* wagging1G.png in Resources */ = {isa = PBXBuildFile; fileRef = 856BBACF17353A2100CFA485 /* wagging1G.png */; };
		856BBAE417353A2100CFA485 /* wagging1H.png in Resources */ = {isa = PBXBuildFile; fileRef = 856BBAD017353A2100CFA485 /* wagging1H.png */; };
		856BBAE517353A2100CFA485 /* wagging1I.png in Resources */ = {isa = PBXBuildFile; fileRef = 856BBAD117353A2100CFA485 /* wagging1I.png */; };
		856BBAE617353A2100CFA485 /* wagging2A.png in Resources */ = {isa = PBXBuildFile; fileRef = 856BBAD317353A2100CFA485 /* wagging2A.png */; };
		856BBAE717353A2100CFA485 /* wagging2B.png in Resources */ = {isa = PBXBuildFile; fileRef = 856BBAD417353A2100CFA485 /* wagging2B.png */; };
		856BBAE817353A2100CFA485 /* wagging2C.png in Resources */ = {isa = PBXBuildFile; fileRef = 856BBAD517353A2100CFA485 /* wagging2C.png */; };
		856BBAE917353A2100CFA485 /* wagging2D.png in Resources */ = {isa = PBXBuildFile; fileRef = 856BBAD617353A2100CFA485 /* wagging2D.png */; };
		856BBAEA17353A2100CFA485 /* wagging2E.png in Resources */ = {isa = PBXBuildFile; fileRef = 856BBAD717353A2100CFA485 /* wagging2E.png */; };
		856BBAEB17353A2100CFA485 /* wagging2F.png in Resources */ = {isa = PBXBuildFile; fileRef = 856BBAD817353A2100CFA485 /* wagging2F.png */; };
		856BBAEC17353A2100CFA485 /* wagging2G.png in Resources */ = {isa = PBXBuildFile; fileRef = 856BBAD917353A2100CFA485 /* wagging2G.png */; };
		856BBAED17353A2100CFA485 /* wagging2H.png in Resources */ = {isa = PBXBuildFile; fileRef = 856BBADA17353A2100CFA485 /* wagging2H.png */; };
		856BBAEE17353A2100CFA485 /* wagging2I.png in Resources */ = {isa = PBXBuildFile; fileRef = 856BBADB17353A2100CFA485 /* wagging2I.png */; };
		856BBAEF17353A2100CFA485 /* wagging2J.png in Resources */ = {isa = PBXBuildFile; fileRef = 856BBADC17353A2100CFA485 /* wagging2J.png */; };
		856BBAF117354E4D00CFA485 /* statsbubble.png in Resources */ = {isa = PBXBuildFile; fileRef = 856BBAF017354E4D00CFA485 /* statsbubble.png */; };
		856BBAF717354EC600CFA485 /* orangeBubble.png in Resources */ = {isa = PBXBuildFile; fileRef = 856BBAF317354EC600CFA485 /* orangeBubble.png */; };
		856BBAF817354EC600CFA485 /* greenBubble.png in Resources */ = {isa = PBXBuildFile; fileRef = 856BBAF417354EC600CFA485 /* greenBubble.png */; };
		856BBAF917354EC600CFA485 /* redBubble.png in Resources */ = {isa = PBXBuildFile; fileRef = 856BBAF517354EC600CFA485 /* redBubble.png */; };
		856BBAFA17354EC600CFA485 /* yellowBubble.png in Resources */ = {isa = PBXBuildFile; fileRef = 856BBAF617354EC600CFA485 /* yellowBubble.png */; };
		856BBAFC17354F6800CFA485 /* talkBubble2.png in Resources */ = {isa = PBXBuildFile; fileRef = 856BBAFB17354F6800CFA485 /* talkBubble2.png */; };
		856BBB00173575ED00CFA485 /* purpleArrow.png in Resources */ = {isa = PBXBuildFile; fileRef = 856BBAFF173575ED00CFA485 /* purpleArrow.png */; };
		856BBB051735790700CFA485 /* redArrow.png in Resources */ = {isa = PBXBuildFile; fileRef = 856BBB011735790600CFA485 /* redArrow.png */; };
		856BBB061735790700CFA485 /* blueArrow.png in Resources */ = {isa = PBXBuildFile; fileRef = 856BBB021735790600CFA485 /* blueArrow.png */; };
		856BBB071735790700CFA485 /* purpleArrow.png in Resources */ = {isa = PBXBuildFile; fileRef = 856BBB031735790600CFA485 /* purpleArrow.png */; };
		856BBB081735790700CFA485 /* magentaArrow.png in Resources */ = {isa = PBXBuildFile; fileRef = 856BBB041735790600CFA485 /* magentaArrow.png */; };
		856BBB0B173621A100CFA485 /* down.wav in Resources */ = {isa = PBXBuildFile; fileRef = 856BBB09173621A100CFA485 /* down.wav */; };
		856BBB0C173621A100CFA485 /* up.wav in Resources */ = {isa = PBXBuildFile; fileRef = 856BBB0A173621A100CFA485 /* up.wav */; };
		856BBB0E17364E8200CFA485 /* CoreMotion.framework in Frameworks */ = {isa = PBXBuildFile; fileRef = 856BBB0D17364E8200CFA485 /* CoreMotion.framework */; };
		856BBB1A17365B5E00CFA485 /* Shake0.gif in Resources */ = {isa = PBXBuildFile; fileRef = 856BBB1017365B5E00CFA485 /* Shake0.gif */; };
		856BBB1B17365B5E00CFA485 /* Shake1.gif in Resources */ = {isa = PBXBuildFile; fileRef = 856BBB1117365B5E00CFA485 /* Shake1.gif */; };
		856BBB1C17365B5E00CFA485 /* Shake2.gif in Resources */ = {isa = PBXBuildFile; fileRef = 856BBB1217365B5E00CFA485 /* Shake2.gif */; };
		856BBB1D17365B5E00CFA485 /* Shake3.gif in Resources */ = {isa = PBXBuildFile; fileRef = 856BBB1317365B5E00CFA485 /* Shake3.gif */; };
		856BBB1E17365B5E00CFA485 /* Shake4.gif in Resources */ = {isa = PBXBuildFile; fileRef = 856BBB1417365B5E00CFA485 /* Shake4.gif */; };
		856BBB1F17365B5E00CFA485 /* Shake5.gif in Resources */ = {isa = PBXBuildFile; fileRef = 856BBB1517365B5E00CFA485 /* Shake5.gif */; };
		856BBB2017365B5E00CFA485 /* Shake6.gif in Resources */ = {isa = PBXBuildFile; fileRef = 856BBB1617365B5E00CFA485 /* Shake6.gif */; };
		856BBB2117365B5E00CFA485 /* Shake7.gif in Resources */ = {isa = PBXBuildFile; fileRef = 856BBB1717365B5E00CFA485 /* Shake7.gif */; };
		856BBB2217365B5E00CFA485 /* Shake8.gif in Resources */ = {isa = PBXBuildFile; fileRef = 856BBB1817365B5E00CFA485 /* Shake8.gif */; };
		856BBB2317365B5E00CFA485 /* Shake9.gif in Resources */ = {isa = PBXBuildFile; fileRef = 856BBB1917365B5E00CFA485 /* Shake9.gif */; };
		856BBB2517367CBD00CFA485 /* orangeButton.png in Resources */ = {isa = PBXBuildFile; fileRef = 856BBB2417367CBD00CFA485 /* orangeButton.png */; };
		856BBB301736806600CFA485 /* eating1.png in Resources */ = {isa = PBXBuildFile; fileRef = 856BBB271736806600CFA485 /* eating1.png */; };
		856BBB311736806600CFA485 /* eating2.png in Resources */ = {isa = PBXBuildFile; fileRef = 856BBB281736806600CFA485 /* eating2.png */; };
		856BBB321736806600CFA485 /* eating3.png in Resources */ = {isa = PBXBuildFile; fileRef = 856BBB291736806600CFA485 /* eating3.png */; };
		856BBB331736806600CFA485 /* eating4.png in Resources */ = {isa = PBXBuildFile; fileRef = 856BBB2A1736806600CFA485 /* eating4.png */; };
		856BBB341736806600CFA485 /* eating5.png in Resources */ = {isa = PBXBuildFile; fileRef = 856BBB2B1736806600CFA485 /* eating5.png */; };
		856BBB351736806600CFA485 /* eating6.png in Resources */ = {isa = PBXBuildFile; fileRef = 856BBB2C1736806600CFA485 /* eating6.png */; };
		856BBB361736806600CFA485 /* goingToEat1.png in Resources */ = {isa = PBXBuildFile; fileRef = 856BBB2E1736806600CFA485 /* goingToEat1.png */; };
		856BBB371736806600CFA485 /* goingToEat2.png in Resources */ = {isa = PBXBuildFile; fileRef = 856BBB2F1736806600CFA485 /* goingToEat2.png */; };
		856BBB3917373EFF00CFA485 /* alert.wav in Resources */ = {isa = PBXBuildFile; fileRef = 856BBB3817373EFF00CFA485 /* alert.wav */; };
		856BBB3B17373F1D00CFA485 /* cash_register.wav in Resources */ = {isa = PBXBuildFile; fileRef = 856BBB3A17373F1D00CFA485 /* cash_register.wav */; };
		856BBB3E1737408F00CFA485 /* lose.wav in Resources */ = {isa = PBXBuildFile; fileRef = 856BBB3C1737408F00CFA485 /* lose.wav */; };
		856BBB3F1737408F00CFA485 /* win.wav in Resources */ = {isa = PBXBuildFile; fileRef = 856BBB3D1737408F00CFA485 /* win.wav */; };
		856BBB451737409F00CFA485 /* cash_register.wav in Resources */ = {isa = PBXBuildFile; fileRef = 856BBB401737409F00CFA485 /* cash_register.wav */; };
		856BBB461737409F00CFA485 /* drum_roll.wav in Resources */ = {isa = PBXBuildFile; fileRef = 856BBB411737409F00CFA485 /* drum_roll.wav */; };
		856BBB471737409F00CFA485 /* chime_down.wav in Resources */ = {isa = PBXBuildFile; fileRef = 856BBB421737409F00CFA485 /* chime_down.wav */; };
		856BBB481737409F00CFA485 /* chime_up.wav in Resources */ = {isa = PBXBuildFile; fileRef = 856BBB431737409F00CFA485 /* chime_up.wav */; };
		856BBB491737409F00CFA485 /* card_shuffle.wav in Resources */ = {isa = PBXBuildFile; fileRef = 856BBB441737409F00CFA485 /* card_shuffle.wav */; };
		85A4A430172911FD0034EED6 /* game.plist in Resources */ = {isa = PBXBuildFile; fileRef = 85A4A42F172911FD0034EED6 /* game.plist */; };
		85A4A46F172D2A030034EED6 /* bars1.png in Resources */ = {isa = PBXBuildFile; fileRef = 85A4A465172D2A030034EED6 /* bars1.png */; };
		85A4A470172D2A030034EED6 /* bars2.png in Resources */ = {isa = PBXBuildFile; fileRef = 85A4A466172D2A030034EED6 /* bars2.png */; };
		85A4A471172D2A030034EED6 /* bars3.png in Resources */ = {isa = PBXBuildFile; fileRef = 85A4A467172D2A030034EED6 /* bars3.png */; };
		85A4A472172D2A030034EED6 /* bars4.png in Resources */ = {isa = PBXBuildFile; fileRef = 85A4A468172D2A030034EED6 /* bars4.png */; };
		85A4A473172D2A030034EED6 /* bars5.png in Resources */ = {isa = PBXBuildFile; fileRef = 85A4A469172D2A030034EED6 /* bars5.png */; };
		85A4A474172D2A030034EED6 /* bars6.png in Resources */ = {isa = PBXBuildFile; fileRef = 85A4A46A172D2A030034EED6 /* bars6.png */; };
		85A4A475172D2A030034EED6 /* bars7.png in Resources */ = {isa = PBXBuildFile; fileRef = 85A4A46B172D2A030034EED6 /* bars7.png */; };
		85A4A476172D2A030034EED6 /* bars8.png in Resources */ = {isa = PBXBuildFile; fileRef = 85A4A46C172D2A030034EED6 /* bars8.png */; };
		85A4A477172D2A030034EED6 /* bars9.png in Resources */ = {isa = PBXBuildFile; fileRef = 85A4A46D172D2A030034EED6 /* bars9.png */; };
		85A4A478172D2A030034EED6 /* bars10.png in Resources */ = {isa = PBXBuildFile; fileRef = 85A4A46E172D2A030034EED6 /* bars10.png */; };
		85A4A47C172D3A540034EED6 /* treat.png in Resources */ = {isa = PBXBuildFile; fileRef = 85A4A47B172D3A540034EED6 /* treat.png */; };
		85A4A47E172D3A650034EED6 /* chow.png in Resources */ = {isa = PBXBuildFile; fileRef = 85A4A47D172D3A650034EED6 /* chow.png */; };
		85A4A480172D3A830034EED6 /* closet_icon.png in Resources */ = {isa = PBXBuildFile; fileRef = 85A4A47F172D3A830034EED6 /* closet_icon.png */; };
		85A4A482172D3A8C0034EED6 /* games_icon.png in Resources */ = {isa = PBXBuildFile; fileRef = 85A4A481172D3A8C0034EED6 /* games_icon.png */; };
		85A4A484172D3A970034EED6 /* stores_icon.png in Resources */ = {isa = PBXBuildFile; fileRef = 85A4A483172D3A970034EED6 /* stores_icon.png */; };
		85A4A486172D3AA90034EED6 /* interact_icon.png in Resources */ = {isa = PBXBuildFile; fileRef = 85A4A485172D3AA90034EED6 /* interact_icon.png */; };
		85A4A488172D3AE00034EED6 /* paws.png in Resources */ = {isa = PBXBuildFile; fileRef = 85A4A487172D3AE00034EED6 /* paws.png */; };
		85A4A48A172D3B140034EED6 /* icon@2x.png in Resources */ = {isa = PBXBuildFile; fileRef = 85A4A489172D3B140034EED6 /* icon@2x.png */; };
		85A4A48C172D3B5B0034EED6 /* brightGreenButton.png in Resources */ = {isa = PBXBuildFile; fileRef = 85A4A48B172D3B5B0034EED6 /* brightGreenButton.png */; };
		85A4A499172D42200034EED6 /* notAminated.gif in Resources */ = {isa = PBXBuildFile; fileRef = 85A4A498172D42200034EED6 /* notAminated.gif */; };
		85A4A4A6172D676D0034EED6 /* ball.png in Resources */ = {isa = PBXBuildFile; fileRef = 85A4A4A4172D676D0034EED6 /* ball.png */; };
		85A4A4A7172D676D0034EED6 /* bone.png in Resources */ = {isa = PBXBuildFile; fileRef = 85A4A4A5172D676D0034EED6 /* bone.png */; };
		85A4A4AF172D70790034EED6 /* icon.png in Resources */ = {isa = PBXBuildFile; fileRef = 85A4A4AE172D70790034EED6 /* icon.png */; };
		85A4A4B1172D749C0034EED6 /* chewtoy.png in Resources */ = {isa = PBXBuildFile; fileRef = 85A4A4B0172D749C0034EED6 /* chewtoy.png */; };
		85A4A4B3172D76170034EED6 /* squeakytoy.png in Resources */ = {isa = PBXBuildFile; fileRef = 85A4A4B2172D76170034EED6 /* squeakytoy.png */; };
		85A4A4B5172D78150034EED6 /* store.png in Resources */ = {isa = PBXBuildFile; fileRef = 85A4A4B4172D78150034EED6 /* store.png */; };
		85A4A4B7172D78220034EED6 /* closet.png in Resources */ = {isa = PBXBuildFile; fileRef = 85A4A4B6172D78220034EED6 /* closet.png */; };
		85A4A4B9172D782E0034EED6 /* park.png in Resources */ = {isa = PBXBuildFile; fileRef = 85A4A4B8172D782E0034EED6 /* park.png */; };
		85A4A4BB172E1C0D0034EED6 /* store_icon2.png in Resources */ = {isa = PBXBuildFile; fileRef = 85A4A4BA172E1C0D0034EED6 /* store_icon2.png */; };
		85A4A4BD172E1C200034EED6 /* games_icon2.png in Resources */ = {isa = PBXBuildFile; fileRef = 85A4A4BC172E1C200034EED6 /* games_icon2.png */; };
		85A4A4BF172E1CC00034EED6 /* pawprint.png in Resources */ = {isa = PBXBuildFile; fileRef = 85A4A4BE172E1CC00034EED6 /* pawprint.png */; };
		85A4A4CF172E3B9B0034EED6 /* blinking4A.png in Resources */ = {isa = PBXBuildFile; fileRef = 85A4A4C5172E3B9B0034EED6 /* blinking4A.png */; };
		85A4A4D0172E3B9B0034EED6 /* blinking4B.png in Resources */ = {isa = PBXBuildFile; fileRef = 85A4A4C6172E3B9B0034EED6 /* blinking4B.png */; };
		85A4A4D1172E3B9B0034EED6 /* blinking4C.png in Resources */ = {isa = PBXBuildFile; fileRef = 85A4A4C7172E3B9B0034EED6 /* blinking4C.png */; };
		85A4A4D2172E3B9B0034EED6 /* blinking4D.png in Resources */ = {isa = PBXBuildFile; fileRef = 85A4A4C8172E3B9B0034EED6 /* blinking4D.png */; };
		85A4A4D3172E3B9B0034EED6 /* blinking4E.png in Resources */ = {isa = PBXBuildFile; fileRef = 85A4A4C9172E3B9B0034EED6 /* blinking4E.png */; };
		85A4A4D4172E3B9B0034EED6 /* blinking4F.png in Resources */ = {isa = PBXBuildFile; fileRef = 85A4A4CA172E3B9B0034EED6 /* blinking4F.png */; };
		85A4A4D5172E3B9B0034EED6 /* blinking4G.png in Resources */ = {isa = PBXBuildFile; fileRef = 85A4A4CB172E3B9B0034EED6 /* blinking4G.png */; };
		85A4A4D6172E3B9B0034EED6 /* blinking4H.png in Resources */ = {isa = PBXBuildFile; fileRef = 85A4A4CC172E3B9B0034EED6 /* blinking4H.png */; };
		85A4A4D7172E3B9B0034EED6 /* blinking4I.png in Resources */ = {isa = PBXBuildFile; fileRef = 85A4A4CD172E3B9B0034EED6 /* blinking4I.png */; };
		85A4A4D8172E3B9B0034EED6 /* blinking4J.png in Resources */ = {isa = PBXBuildFile; fileRef = 85A4A4CE172E3B9B0034EED6 /* blinking4J.png */; };
		85A4A4EA172E43AE0034EED6 /* sleepingA.png in Resources */ = {isa = PBXBuildFile; fileRef = 85A4A4DA172E43AE0034EED6 /* sleepingA.png */; };
		85A4A4EB172E43AE0034EED6 /* sleepingB.png in Resources */ = {isa = PBXBuildFile; fileRef = 85A4A4DB172E43AE0034EED6 /* sleepingB.png */; };
		85A4A4EC172E43AE0034EED6 /* sleepingC.png in Resources */ = {isa = PBXBuildFile; fileRef = 85A4A4DC172E43AE0034EED6 /* sleepingC.png */; };
		85A4A4ED172E43AE0034EED6 /* sleepingD.png in Resources */ = {isa = PBXBuildFile; fileRef = 85A4A4DD172E43AE0034EED6 /* sleepingD.png */; };
		85A4A4EE172E43AE0034EED6 /* sleepingE.png in Resources */ = {isa = PBXBuildFile; fileRef = 85A4A4DE172E43AE0034EED6 /* sleepingE.png */; };
		85A4A4EF172E43AE0034EED6 /* sleepingF.png in Resources */ = {isa = PBXBuildFile; fileRef = 85A4A4DF172E43AE0034EED6 /* sleepingF.png */; };
		85A4A4F0172E43AE0034EED6 /* sleepingG.png in Resources */ = {isa = PBXBuildFile; fileRef = 85A4A4E0172E43AE0034EED6 /* sleepingG.png */; };
		85A4A4F1172E43AE0034EED6 /* sleepingH.png in Resources */ = {isa = PBXBuildFile; fileRef = 85A4A4E1172E43AE0034EED6 /* sleepingH.png */; };
		85A4A4F2172E43AE0034EED6 /* sleepingI.png in Resources */ = {isa = PBXBuildFile; fileRef = 85A4A4E2172E43AE0034EED6 /* sleepingI.png */; };
		85A4A4F3172E43AE0034EED6 /* sleepingJ.png in Resources */ = {isa = PBXBuildFile; fileRef = 85A4A4E3172E43AE0034EED6 /* sleepingJ.png */; };
		85A4A4F4172E43AE0034EED6 /* sleepingK.png in Resources */ = {isa = PBXBuildFile; fileRef = 85A4A4E4172E43AE0034EED6 /* sleepingK.png */; };
		85A4A4F5172E43AE0034EED6 /* sleepingL.png in Resources */ = {isa = PBXBuildFile; fileRef = 85A4A4E5172E43AE0034EED6 /* sleepingL.png */; };
		85A4A4F6172E43AE0034EED6 /* sleepingM.png in Resources */ = {isa = PBXBuildFile; fileRef = 85A4A4E6172E43AE0034EED6 /* sleepingM.png */; };
		85A4A4F7172E43AE0034EED6 /* sleepingN.png in Resources */ = {isa = PBXBuildFile; fileRef = 85A4A4E7172E43AE0034EED6 /* sleepingN.png */; };
		85A4A4F8172E43AE0034EED6 /* sleepingO.png in Resources */ = {isa = PBXBuildFile; fileRef = 85A4A4E8172E43AE0034EED6 /* sleepingO.png */; };
		85A4A4F9172E43AE0034EED6 /* sleepingP.png in Resources */ = {isa = PBXBuildFile; fileRef = 85A4A4E9172E43AE0034EED6 /* sleepingP.png */; };
		85A4A501172E50350034EED6 /* goingToSleep1.png in Resources */ = {isa = PBXBuildFile; fileRef = 85A4A4FB172E50350034EED6 /* goingToSleep1.png */; };
		85A4A502172E50350034EED6 /* goingToSleep2.png in Resources */ = {isa = PBXBuildFile; fileRef = 85A4A4FC172E50350034EED6 /* goingToSleep2.png */; };
		85A4A503172E50350034EED6 /* goingToSleep3.png in Resources */ = {isa = PBXBuildFile; fileRef = 85A4A4FD172E50350034EED6 /* goingToSleep3.png */; };
		85A4A504172E50350034EED6 /* goingToSleep4.png in Resources */ = {isa = PBXBuildFile; fileRef = 85A4A4FE172E50350034EED6 /* goingToSleep4.png */; };
		85A4A505172E50350034EED6 /* goingToSleep5.png in Resources */ = {isa = PBXBuildFile; fileRef = 85A4A4FF172E50350034EED6 /* goingToSleep5.png */; };
		85A4A506172E50350034EED6 /* goingToSleep6.png in Resources */ = {isa = PBXBuildFile; fileRef = 85A4A500172E50350034EED6 /* goingToSleep6.png */; };
		85A4A50A172E59C60034EED6 /* angry1.png in Resources */ = {isa = PBXBuildFile; fileRef = 85A4A508172E59C60034EED6 /* angry1.png */; };
		85A4A50B172E59C60034EED6 /* angry2.png in Resources */ = {isa = PBXBuildFile; fileRef = 85A4A509172E59C60034EED6 /* angry2.png */; };
		85A4A50F172F4B720034EED6 /* talkBubble.png in Resources */ = {isa = PBXBuildFile; fileRef = 85A4A50E172F4B720034EED6 /* talkBubble.png */; };
		85A4A513172F5B020034EED6 /* EatViewController.m in Sources */ = {isa = PBXBuildFile; fileRef = 85A4A511172F5B010034EED6 /* EatViewController.m */; };
		85A4A514172F5B020034EED6 /* EatViewController.xib in Resources */ = {isa = PBXBuildFile; fileRef = 85A4A512172F5B010034EED6 /* EatViewController.xib */; };
		85A4A51D172F63B70034EED6 /* WalkViewController.m in Sources */ = {isa = PBXBuildFile; fileRef = 85A4A51B172F63AB0034EED6 /* WalkViewController.m */; };
		85A4A51E172F63B70034EED6 /* WalkViewController.xib in Resources */ = {isa = PBXBuildFile; fileRef = 85A4A51C172F63AF0034EED6 /* WalkViewController.xib */; };
		85A4A522172F640A0034EED6 /* PlayViewController.m in Sources */ = {isa = PBXBuildFile; fileRef = 85A4A520172F64090034EED6 /* PlayViewController.m */; };
		85A4A523172F640A0034EED6 /* PlayViewController.xib in Resources */ = {isa = PBXBuildFile; fileRef = 85A4A521172F64090034EED6 /* PlayViewController.xib */; };
		85A4A527172F643A0034EED6 /* PetViewController.m in Sources */ = {isa = PBXBuildFile; fileRef = 85A4A525172F642D0034EED6 /* PetViewController.m */; };
		85A4A528172F643A0034EED6 /* PetViewController.xib in Resources */ = {isa = PBXBuildFile; fileRef = 85A4A526172F64310034EED6 /* PetViewController.xib */; };
		85A4A530172F6DB50034EED6 /* purpleBar.png in Resources */ = {isa = PBXBuildFile; fileRef = 85A4A52F172F6DB50034EED6 /* purpleBar.png */; };
		85A4A534172F6FF80034EED6 /* purpleButton.png in Resources */ = {isa = PBXBuildFile; fileRef = 85A4A533172F6FF80034EED6 /* purpleButton.png */; };
		85A4A536172F83B00034EED6 /* happy_bark.wav in Resources */ = {isa = PBXBuildFile; fileRef = 85A4A535172F83B00034EED6 /* happy_bark.wav */; };
		85A4A538172F83BF0034EED6 /* whimper.wav in Resources */ = {isa = PBXBuildFile; fileRef = 85A4A537172F83BF0034EED6 /* whimper.wav */; };
		85A4A53A172F83C90034EED6 /* angry_bark.wav in Resources */ = {isa = PBXBuildFile; fileRef = 85A4A539172F83C90034EED6 /* angry_bark.wav */; };
		85A4A53C172F84B60034EED6 /* AudioToolbox.framework in Frameworks */ = {isa = PBXBuildFile; fileRef = 85A4A53B172F84B50034EED6 /* AudioToolbox.framework */; };
		85A4A540172FC3C10034EED6 /* bed.png in Resources */ = {isa = PBXBuildFile; fileRef = 85A4A53F172FC3C10034EED6 /* bed.png */; };
		85A4A546172FC6840034EED6 /* room.png in Resources */ = {isa = PBXBuildFile; fileRef = 85A4A545172FC6840034EED6 /* room.png */; };
		85E63E0F1734C67E0052A655 /* back_card.png in Resources */ = {isa = PBXBuildFile; fileRef = 85E63E001734C67E0052A655 /* back_card.png */; };
		85E63E101734C67E0052A655 /* card1.png in Resources */ = {isa = PBXBuildFile; fileRef = 85E63E011734C67E0052A655 /* card1.png */; };
		85E63E111734C67E0052A655 /* card2.png in Resources */ = {isa = PBXBuildFile; fileRef = 85E63E021734C67E0052A655 /* card2.png */; };
		85E63E121734C67E0052A655 /* card3.png in Resources */ = {isa = PBXBuildFile; fileRef = 85E63E031734C67E0052A655 /* card3.png */; };
		85E63E131734C67E0052A655 /* card4.png in Resources */ = {isa = PBXBuildFile; fileRef = 85E63E041734C67E0052A655 /* card4.png */; };
		85E63E141734C67E0052A655 /* card5.png in Resources */ = {isa = PBXBuildFile; fileRef = 85E63E051734C67E0052A655 /* card5.png */; };
		85E63E151734C67E0052A655 /* card6.png in Resources */ = {isa = PBXBuildFile; fileRef = 85E63E061734C67E0052A655 /* card6.png */; };
		85E63E161734C67E0052A655 /* card7.png in Resources */ = {isa = PBXBuildFile; fileRef = 85E63E071734C67E0052A655 /* card7.png */; };
		85E63E171734C67E0052A655 /* card8.png in Resources */ = {isa = PBXBuildFile; fileRef = 85E63E081734C67E0052A655 /* card8.png */; };
		85E63E181734C67E0052A655 /* card9.png in Resources */ = {isa = PBXBuildFile; fileRef = 85E63E091734C67E0052A655 /* card9.png */; };
		85E63E191734C67E0052A655 /* card10.png in Resources */ = {isa = PBXBuildFile; fileRef = 85E63E0A1734C67E0052A655 /* card10.png */; };
		85E63E1A1734C67E0052A655 /* card11.png in Resources */ = {isa = PBXBuildFile; fileRef = 85E63E0B1734C67E0052A655 /* card11.png */; };
		85E63E1B1734C67E0052A655 /* card12.png in Resources */ = {isa = PBXBuildFile; fileRef = 85E63E0C1734C67E0052A655 /* card12.png */; };
		85E63E1C1734C67E0052A655 /* cards.png in Resources */ = {isa = PBXBuildFile; fileRef = 85E63E0D1734C67E0052A655 /* cards.png */; };
		85E63E1D1734C67E0052A655 /* matching_background.png in Resources */ = {isa = PBXBuildFile; fileRef = 85E63E0E1734C67E0052A655 /* matching_background.png */; };
		85E63E211734CDC10052A655 /* MatchingViewController.m in Sources */ = {isa = PBXBuildFile; fileRef = 85E63E1F1734CDC00052A655 /* MatchingViewController.m */; };
		85E63E221734CDC10052A655 /* MatchingViewController.xib in Resources */ = {isa = PBXBuildFile; fileRef = 85E63E201734CDC00052A655 /* MatchingViewController.xib */; };
		85E63E251734CEF20052A655 /* backyard.png in Resources */ = {isa = PBXBuildFile; fileRef = 85E63E231734CEF20052A655 /* backyard.png */; };
		85E63E281734CFAC0052A655 /* kitchen.png in Resources */ = {isa = PBXBuildFile; fileRef = 85E63E271734CFAC0052A655 /* kitchen.png */; };
		85E63E2A1734D25E0052A655 /* interact_icon2.png in Resources */ = {isa = PBXBuildFile; fileRef = 85E63E291734D25D0052A655 /* interact_icon2.png */; };
/* End PBXBuildFile section */

/* Begin PBXContainerItemProxy section */
		850904B7171F704A009F125C /* PBXContainerItemProxy */ = {
			isa = PBXContainerItemProxy;
			containerPortal = 8509048A171F7049009F125C /* Project object */;
			proxyType = 1;
			remoteGlobalIDString = 85090491171F7049009F125C;
			remoteInfo = iPoochie;
		};
/* End PBXContainerItemProxy section */

/* Begin PBXFileReference section */
		85090492171F7049009F125C /* iPoochie.app */ = {isa = PBXFileReference; explicitFileType = wrapper.application; includeInIndex = 0; path = iPoochie.app; sourceTree = BUILT_PRODUCTS_DIR; };
		85090495171F704A009F125C /* UIKit.framework */ = {isa = PBXFileReference; lastKnownFileType = wrapper.framework; name = UIKit.framework; path = System/Library/Frameworks/UIKit.framework; sourceTree = SDKROOT; };
		85090497171F704A009F125C /* Foundation.framework */ = {isa = PBXFileReference; lastKnownFileType = wrapper.framework; name = Foundation.framework; path = System/Library/Frameworks/Foundation.framework; sourceTree = SDKROOT; };
		85090499171F704A009F125C /* CoreGraphics.framework */ = {isa = PBXFileReference; lastKnownFileType = wrapper.framework; name = CoreGraphics.framework; path = System/Library/Frameworks/CoreGraphics.framework; sourceTree = SDKROOT; };
		8509049D171F704A009F125C /* iPoochie-Info.plist */ = {isa = PBXFileReference; lastKnownFileType = text.plist.xml; path = "iPoochie-Info.plist"; sourceTree = "<group>"; };
		8509049F171F704A009F125C /* en */ = {isa = PBXFileReference; lastKnownFileType = text.plist.strings; name = en; path = en.lproj/InfoPlist.strings; sourceTree = "<group>"; };
		850904A1171F704A009F125C /* main.m */ = {isa = PBXFileReference; lastKnownFileType = sourcecode.c.objc; path = main.m; sourceTree = "<group>"; };
		850904A3171F704A009F125C /* iPoochie-Prefix.pch */ = {isa = PBXFileReference; lastKnownFileType = sourcecode.c.h; path = "iPoochie-Prefix.pch"; sourceTree = "<group>"; };
		850904A4171F704A009F125C /* AppDelegate.h */ = {isa = PBXFileReference; lastKnownFileType = sourcecode.c.h; path = AppDelegate.h; sourceTree = "<group>"; };
		850904A5171F704A009F125C /* AppDelegate.m */ = {isa = PBXFileReference; lastKnownFileType = sourcecode.c.objc; path = AppDelegate.m; sourceTree = "<group>"; };
		850904A7171F704A009F125C /* Default.png */ = {isa = PBXFileReference; lastKnownFileType = image.png; path = Default.png; sourceTree = "<group>"; };
		850904A9171F704A009F125C /* Default@2x.png */ = {isa = PBXFileReference; lastKnownFileType = image.png; path = "Default@2x.png"; sourceTree = "<group>"; };
		850904AB171F704A009F125C /* Default-568h@2x.png */ = {isa = PBXFileReference; lastKnownFileType = image.png; path = "Default-568h@2x.png"; sourceTree = "<group>"; };
		850904B2171F704A009F125C /* iPoochieTests.octest */ = {isa = PBXFileReference; explicitFileType = wrapper.cfbundle; includeInIndex = 0; path = iPoochieTests.octest; sourceTree = BUILT_PRODUCTS_DIR; };
		850904B3171F704A009F125C /* SenTestingKit.framework */ = {isa = PBXFileReference; lastKnownFileType = wrapper.framework; name = SenTestingKit.framework; path = Library/Frameworks/SenTestingKit.framework; sourceTree = DEVELOPER_DIR; };
		850904BB171F704A009F125C /* iPoochieTests-Info.plist */ = {isa = PBXFileReference; lastKnownFileType = text.plist.xml; path = "iPoochieTests-Info.plist"; sourceTree = "<group>"; };
		850904BD171F704A009F125C /* en */ = {isa = PBXFileReference; lastKnownFileType = text.plist.strings; name = en; path = en.lproj/InfoPlist.strings; sourceTree = "<group>"; };
		850904BF171F704A009F125C /* iPoochieTests.h */ = {isa = PBXFileReference; lastKnownFileType = sourcecode.c.h; path = iPoochieTests.h; sourceTree = "<group>"; };
		850904C0171F704A009F125C /* iPoochieTests.m */ = {isa = PBXFileReference; lastKnownFileType = sourcecode.c.objc; path = iPoochieTests.m; sourceTree = "<group>"; };
		850904DC171F7323009F125C /* TabBarController.xib */ = {isa = PBXFileReference; fileEncoding = 4; lastKnownFileType = file.xib; name = TabBarController.xib; path = ../TabBarController.xib; sourceTree = "<group>"; };
		850904E6171F7869009F125C /* InteractViewController.h */ = {isa = PBXFileReference; fileEncoding = 4; lastKnownFileType = sourcecode.c.h; path = InteractViewController.h; sourceTree = "<group>"; };
		850904E7171F7869009F125C /* InteractViewController.m */ = {isa = PBXFileReference; fileEncoding = 4; lastKnownFileType = sourcecode.c.objc; path = InteractViewController.m; sourceTree = "<group>"; };
		850904E8171F7869009F125C /* InteractViewController.xib */ = {isa = PBXFileReference; fileEncoding = 4; lastKnownFileType = file.xib; path = InteractViewController.xib; sourceTree = "<group>"; };
		850904EB171F789E009F125C /* ClosetViewController.h */ = {isa = PBXFileReference; fileEncoding = 4; lastKnownFileType = sourcecode.c.h; name = ClosetViewController.h; path = ../ClosetViewController.h; sourceTree = "<group>"; };
		850904EC171F789E009F125C /* ClosetViewController.m */ = {isa = PBXFileReference; fileEncoding = 4; lastKnownFileType = sourcecode.c.objc; name = ClosetViewController.m; path = ../ClosetViewController.m; sourceTree = "<group>"; };
		850904ED171F789E009F125C /* ClosetViewController.xib */ = {isa = PBXFileReference; fileEncoding = 4; lastKnownFileType = file.xib; name = ClosetViewController.xib; path = ../ClosetViewController.xib; sourceTree = "<group>"; };
		850904F0171F78BD009F125C /* GamesViewController.h */ = {isa = PBXFileReference; fileEncoding = 4; lastKnownFileType = sourcecode.c.h; name = GamesViewController.h; path = ../GamesViewController.h; sourceTree = "<group>"; };
		850904F1171F78BE009F125C /* GamesViewController.m */ = {isa = PBXFileReference; fileEncoding = 4; lastKnownFileType = sourcecode.c.objc; name = GamesViewController.m; path = ../GamesViewController.m; sourceTree = "<group>"; };
		850904F2171F78BE009F125C /* GamesViewController.xib */ = {isa = PBXFileReference; fileEncoding = 4; lastKnownFileType = file.xib; name = GamesViewController.xib; path = ../GamesViewController.xib; sourceTree = "<group>"; };
		850904F5171F78D3009F125C /* StoreViewController.h */ = {isa = PBXFileReference; fileEncoding = 4; lastKnownFileType = sourcecode.c.h; name = StoreViewController.h; path = ../StoreViewController.h; sourceTree = "<group>"; };
		850904F6171F78D3009F125C /* StoreViewController.m */ = {isa = PBXFileReference; fileEncoding = 4; lastKnownFileType = sourcecode.c.objc; name = StoreViewController.m; path = ../StoreViewController.m; sourceTree = "<group>"; };
		850904F7171F78D3009F125C /* StoreViewController.xib */ = {isa = PBXFileReference; fileEncoding = 4; lastKnownFileType = file.xib; name = StoreViewController.xib; path = ../StoreViewController.xib; sourceTree = "<group>"; };
		8509050B17259EA6009F125C /* items.plist */ = {isa = PBXFileReference; fileEncoding = 4; lastKnownFileType = text.plist.xml; name = items.plist; path = ../items.plist; sourceTree = "<group>"; };
		856BBAC617352BB400CFA485 /* room.png */ = {isa = PBXFileReference; lastKnownFileType = image.png; path = room.png; sourceTree = "<group>"; };
		856BBAC917353A2100CFA485 /* wagging1A.png */ = {isa = PBXFileReference; lastKnownFileType = image.png; path = wagging1A.png; sourceTree = "<group>"; };
		856BBACA17353A2100CFA485 /* wagging1B.png */ = {isa = PBXFileReference; lastKnownFileType = image.png; path = wagging1B.png; sourceTree = "<group>"; };
		856BBACB17353A2100CFA485 /* wagging1C.png */ = {isa = PBXFileReference; lastKnownFileType = image.png; path = wagging1C.png; sourceTree = "<group>"; };
		856BBACC17353A2100CFA485 /* wagging1D.png */ = {isa = PBXFileReference; lastKnownFileType = image.png; path = wagging1D.png; sourceTree = "<group>"; };
		856BBACD17353A2100CFA485 /* wagging1E.png */ = {isa = PBXFileReference; lastKnownFileType = image.png; path = wagging1E.png; sourceTree = "<group>"; };
		856BBACE17353A2100CFA485 /* wagging1F.png */ = {isa = PBXFileReference; lastKnownFileType = image.png; path = wagging1F.png; sourceTree = "<group>"; };
		856BBACF17353A2100CFA485 /* wagging1G.png */ = {isa = PBXFileReference; lastKnownFileType = image.png; path = wagging1G.png; sourceTree = "<group>"; };
		856BBAD017353A2100CFA485 /* wagging1H.png */ = {isa = PBXFileReference; lastKnownFileType = image.png; path = wagging1H.png; sourceTree = "<group>"; };
		856BBAD117353A2100CFA485 /* wagging1I.png */ = {isa = PBXFileReference; lastKnownFileType = image.png; path = wagging1I.png; sourceTree = "<group>"; };
		856BBAD317353A2100CFA485 /* wagging2A.png */ = {isa = PBXFileReference; lastKnownFileType = image.png; path = wagging2A.png; sourceTree = "<group>"; };
		856BBAD417353A2100CFA485 /* wagging2B.png */ = {isa = PBXFileReference; lastKnownFileType = image.png; path = wagging2B.png; sourceTree = "<group>"; };
		856BBAD517353A2100CFA485 /* wagging2C.png */ = {isa = PBXFileReference; lastKnownFileType = image.png; path = wagging2C.png; sourceTree = "<group>"; };
		856BBAD617353A2100CFA485 /* wagging2D.png */ = {isa = PBXFileReference; lastKnownFileType = image.png; path = wagging2D.png; sourceTree = "<group>"; };
		856BBAD717353A2100CFA485 /* wagging2E.png */ = {isa = PBXFileReference; lastKnownFileType = image.png; path = wagging2E.png; sourceTree = "<group>"; };
		856BBAD817353A2100CFA485 /* wagging2F.png */ = {isa = PBXFileReference; lastKnownFileType = image.png; path = wagging2F.png; sourceTree = "<group>"; };
		856BBAD917353A2100CFA485 /* wagging2G.png */ = {isa = PBXFileReference; lastKnownFileType = image.png; path = wagging2G.png; sourceTree = "<group>"; };
		856BBADA17353A2100CFA485 /* wagging2H.png */ = {isa = PBXFileReference; lastKnownFileType = image.png; path = wagging2H.png; sourceTree = "<group>"; };
		856BBADB17353A2100CFA485 /* wagging2I.png */ = {isa = PBXFileReference; lastKnownFileType = image.png; path = wagging2I.png; sourceTree = "<group>"; };
		856BBADC17353A2100CFA485 /* wagging2J.png */ = {isa = PBXFileReference; lastKnownFileType = image.png; path = wagging2J.png; sourceTree = "<group>"; };
		856BBAF017354E4D00CFA485 /* statsbubble.png */ = {isa = PBXFileReference; lastKnownFileType = image.png; path = statsbubble.png; sourceTree = SOURCE_ROOT; };
		856BBAF317354EC600CFA485 /* orangeBubble.png */ = {isa = PBXFileReference; lastKnownFileType = image.png; path = orangeBubble.png; sourceTree = "<group>"; };
		856BBAF417354EC600CFA485 /* greenBubble.png */ = {isa = PBXFileReference; lastKnownFileType = image.png; path = greenBubble.png; sourceTree = "<group>"; };
		856BBAF517354EC600CFA485 /* redBubble.png */ = {isa = PBXFileReference; lastKnownFileType = image.png; path = redBubble.png; sourceTree = "<group>"; };
		856BBAF617354EC600CFA485 /* yellowBubble.png */ = {isa = PBXFileReference; lastKnownFileType = image.png; path = yellowBubble.png; sourceTree = "<group>"; };
		856BBAFB17354F6800CFA485 /* talkBubble2.png */ = {isa = PBXFileReference; lastKnownFileType = image.png; path = talkBubble2.png; sourceTree = SOURCE_ROOT; };
		856BBAFF173575ED00CFA485 /* purpleArrow.png */ = {isa = PBXFileReference; lastKnownFileType = image.png; path = purpleArrow.png; sourceTree = SOURCE_ROOT; };
		856BBB011735790600CFA485 /* redArrow.png */ = {isa = PBXFileReference; lastKnownFileType = image.png; path = redArrow.png; sourceTree = SOURCE_ROOT; };
		856BBB021735790600CFA485 /* blueArrow.png */ = {isa = PBXFileReference; lastKnownFileType = image.png; path = blueArrow.png; sourceTree = SOURCE_ROOT; };
		856BBB031735790600CFA485 /* purpleArrow.png */ = {isa = PBXFileReference; lastKnownFileType = image.png; path = purpleArrow.png; sourceTree = SOURCE_ROOT; };
		856BBB041735790600CFA485 /* magentaArrow.png */ = {isa = PBXFileReference; lastKnownFileType = image.png; path = magentaArrow.png; sourceTree = SOURCE_ROOT; };
		856BBB09173621A100CFA485 /* down.wav */ = {isa = PBXFileReference; lastKnownFileType = audio.wav; path = down.wav; sourceTree = SOURCE_ROOT; };
		856BBB0A173621A100CFA485 /* up.wav */ = {isa = PBXFileReference; lastKnownFileType = audio.wav; path = up.wav; sourceTree = SOURCE_ROOT; };
		856BBB0D17364E8200CFA485 /* CoreMotion.framework */ = {isa = PBXFileReference; lastKnownFileType = wrapper.framework; name = CoreMotion.framework; path = System/Library/Frameworks/CoreMotion.framework; sourceTree = SDKROOT; };
		856BBB1017365B5E00CFA485 /* Shake0.gif */ = {isa = PBXFileReference; lastKnownFileType = image.gif; path = Shake0.gif; sourceTree = "<group>"; };
		856BBB1117365B5E00CFA485 /* Shake1.gif */ = {isa = PBXFileReference; lastKnownFileType = image.gif; path = Shake1.gif; sourceTree = "<group>"; };
		856BBB1217365B5E00CFA485 /* Shake2.gif */ = {isa = PBXFileReference; lastKnownFileType = image.gif; path = Shake2.gif; sourceTree = "<group>"; };
		856BBB1317365B5E00CFA485 /* Shake3.gif */ = {isa = PBXFileReference; lastKnownFileType = image.gif; path = Shake3.gif; sourceTree = "<group>"; };
		856BBB1417365B5E00CFA485 /* Shake4.gif */ = {isa = PBXFileReference; lastKnownFileType = image.gif; path = Shake4.gif; sourceTree = "<group>"; };
		856BBB1517365B5E00CFA485 /* Shake5.gif */ = {isa = PBXFileReference; lastKnownFileType = image.gif; path = Shake5.gif; sourceTree = "<group>"; };
		856BBB1617365B5E00CFA485 /* Shake6.gif */ = {isa = PBXFileReference; lastKnownFileType = image.gif; path = Shake6.gif; sourceTree = "<group>"; };
		856BBB1717365B5E00CFA485 /* Shake7.gif */ = {isa = PBXFileReference; lastKnownFileType = image.gif; path = Shake7.gif; sourceTree = "<group>"; };
		856BBB1817365B5E00CFA485 /* Shake8.gif */ = {isa = PBXFileReference; lastKnownFileType = image.gif; path = Shake8.gif; sourceTree = "<group>"; };
		856BBB1917365B5E00CFA485 /* Shake9.gif */ = {isa = PBXFileReference; lastKnownFileType = image.gif; path = Shake9.gif; sourceTree = "<group>"; };
		856BBB2417367CBD00CFA485 /* orangeButton.png */ = {isa = PBXFileReference; lastKnownFileType = image.png; path = orangeButton.png; sourceTree = "<group>"; };
		856BBB271736806600CFA485 /* eating1.png */ = {isa = PBXFileReference; lastKnownFileType = image.png; path = eating1.png; sourceTree = "<group>"; };
		856BBB281736806600CFA485 /* eating2.png */ = {isa = PBXFileReference; lastKnownFileType = image.png; path = eating2.png; sourceTree = "<group>"; };
		856BBB291736806600CFA485 /* eating3.png */ = {isa = PBXFileReference; lastKnownFileType = image.png; path = eating3.png; sourceTree = "<group>"; };
		856BBB2A1736806600CFA485 /* eating4.png */ = {isa = PBXFileReference; lastKnownFileType = image.png; path = eating4.png; sourceTree = "<group>"; };
		856BBB2B1736806600CFA485 /* eating5.png */ = {isa = PBXFileReference; lastKnownFileType = image.png; path = eating5.png; sourceTree = "<group>"; };
		856BBB2C1736806600CFA485 /* eating6.png */ = {isa = PBXFileReference; lastKnownFileType = image.png; path = eating6.png; sourceTree = "<group>"; };
		856BBB2E1736806600CFA485 /* goingToEat1.png */ = {isa = PBXFileReference; lastKnownFileType = image.png; path = goingToEat1.png; sourceTree = "<group>"; };
		856BBB2F1736806600CFA485 /* goingToEat2.png */ = {isa = PBXFileReference; lastKnownFileType = image.png; path = goingToEat2.png; sourceTree = "<group>"; };
		856BBB3817373EFF00CFA485 /* alert.wav */ = {isa = PBXFileReference; lastKnownFileType = audio.wav; path = alert.wav; sourceTree = SOURCE_ROOT; };
		856BBB3A17373F1D00CFA485 /* cash_register.wav */ = {isa = PBXFileReference; lastKnownFileType = audio.wav; path = cash_register.wav; sourceTree = SOURCE_ROOT; };
		856BBB3C1737408F00CFA485 /* lose.wav */ = {isa = PBXFileReference; lastKnownFileType = audio.wav; path = lose.wav; sourceTree = SOURCE_ROOT; };
		856BBB3D1737408F00CFA485 /* win.wav */ = {isa = PBXFileReference; lastKnownFileType = audio.wav; path = win.wav; sourceTree = SOURCE_ROOT; };
		856BBB401737409F00CFA485 /* cash_register.wav */ = {isa = PBXFileReference; lastKnownFileType = audio.wav; path = cash_register.wav; sourceTree = SOURCE_ROOT; };
		856BBB411737409F00CFA485 /* drum_roll.wav */ = {isa = PBXFileReference; lastKnownFileType = audio.wav; path = drum_roll.wav; sourceTree = SOURCE_ROOT; };
		856BBB421737409F00CFA485 /* chime_down.wav */ = {isa = PBXFileReference; lastKnownFileType = audio.wav; path = chime_down.wav; sourceTree = SOURCE_ROOT; };
		856BBB431737409F00CFA485 /* chime_up.wav */ = {isa = PBXFileReference; lastKnownFileType = audio.wav; path = chime_up.wav; sourceTree = SOURCE_ROOT; };
		856BBB441737409F00CFA485 /* card_shuffle.wav */ = {isa = PBXFileReference; lastKnownFileType = audio.wav; path = card_shuffle.wav; sourceTree = SOURCE_ROOT; };
		85A4A42F172911FD0034EED6 /* game.plist */ = {isa = PBXFileReference; fileEncoding = 4; lastKnownFileType = text.plist.xml; path = game.plist; sourceTree = "<group>"; };
		85A4A465172D2A030034EED6 /* bars1.png */ = {isa = PBXFileReference; lastKnownFileType = image.png; path = bars1.png; sourceTree = "<group>"; };
		85A4A466172D2A030034EED6 /* bars2.png */ = {isa = PBXFileReference; lastKnownFileType = image.png; path = bars2.png; sourceTree = "<group>"; };
		85A4A467172D2A030034EED6 /* bars3.png */ = {isa = PBXFileReference; lastKnownFileType = image.png; path = bars3.png; sourceTree = "<group>"; };
		85A4A468172D2A030034EED6 /* bars4.png */ = {isa = PBXFileReference; lastKnownFileType = image.png; path = bars4.png; sourceTree = "<group>"; };
		85A4A469172D2A030034EED6 /* bars5.png */ = {isa = PBXFileReference; lastKnownFileType = image.png; path = bars5.png; sourceTree = "<group>"; };
		85A4A46A172D2A030034EED6 /* bars6.png */ = {isa = PBXFileReference; lastKnownFileType = image.png; path = bars6.png; sourceTree = "<group>"; };
		85A4A46B172D2A030034EED6 /* bars7.png */ = {isa = PBXFileReference; lastKnownFileType = image.png; path = bars7.png; sourceTree = "<group>"; };
		85A4A46C172D2A030034EED6 /* bars8.png */ = {isa = PBXFileReference; lastKnownFileType = image.png; path = bars8.png; sourceTree = "<group>"; };
		85A4A46D172D2A030034EED6 /* bars9.png */ = {isa = PBXFileReference; lastKnownFileType = image.png; path = bars9.png; sourceTree = "<group>"; };
		85A4A46E172D2A030034EED6 /* bars10.png */ = {isa = PBXFileReference; lastKnownFileType = image.png; path = bars10.png; sourceTree = "<group>"; };
		85A4A47B172D3A540034EED6 /* treat.png */ = {isa = PBXFileReference; lastKnownFileType = image.png; path = treat.png; sourceTree = "<group>"; };
		85A4A47D172D3A650034EED6 /* chow.png */ = {isa = PBXFileReference; lastKnownFileType = image.png; path = chow.png; sourceTree = "<group>"; };
		85A4A47F172D3A830034EED6 /* closet_icon.png */ = {isa = PBXFileReference; lastKnownFileType = image.png; path = closet_icon.png; sourceTree = "<group>"; };
		85A4A481172D3A8C0034EED6 /* games_icon.png */ = {isa = PBXFileReference; lastKnownFileType = image.png; path = games_icon.png; sourceTree = "<group>"; };
		85A4A483172D3A970034EED6 /* stores_icon.png */ = {isa = PBXFileReference; lastKnownFileType = image.png; path = stores_icon.png; sourceTree = "<group>"; };
		85A4A485172D3AA90034EED6 /* interact_icon.png */ = {isa = PBXFileReference; lastKnownFileType = image.png; path = interact_icon.png; sourceTree = "<group>"; };
		85A4A487172D3AE00034EED6 /* paws.png */ = {isa = PBXFileReference; lastKnownFileType = image.png; path = paws.png; sourceTree = "<group>"; };
		85A4A489172D3B140034EED6 /* icon@2x.png */ = {isa = PBXFileReference; lastKnownFileType = image.png; path = "icon@2x.png"; sourceTree = "<group>"; };
		85A4A48B172D3B5B0034EED6 /* brightGreenButton.png */ = {isa = PBXFileReference; lastKnownFileType = image.png; path = brightGreenButton.png; sourceTree = "<group>"; };
		85A4A498172D42200034EED6 /* notAminated.gif */ = {isa = PBXFileReference; lastKnownFileType = image.gif; path = notAminated.gif; sourceTree = "<group>"; };
		85A4A4A4172D676D0034EED6 /* ball.png */ = {isa = PBXFileReference; lastKnownFileType = image.png; path = ball.png; sourceTree = "<group>"; };
		85A4A4A5172D676D0034EED6 /* bone.png */ = {isa = PBXFileReference; lastKnownFileType = image.png; path = bone.png; sourceTree = "<group>"; };
		85A4A4AE172D70790034EED6 /* icon.png */ = {isa = PBXFileReference; lastKnownFileType = image.png; path = icon.png; sourceTree = "<group>"; };
		85A4A4B0172D749C0034EED6 /* chewtoy.png */ = {isa = PBXFileReference; lastKnownFileType = image.png; path = chewtoy.png; sourceTree = "<group>"; };
		85A4A4B2172D76170034EED6 /* squeakytoy.png */ = {isa = PBXFileReference; lastKnownFileType = image.png; path = squeakytoy.png; sourceTree = "<group>"; };
		85A4A4B4172D78150034EED6 /* store.png */ = {isa = PBXFileReference; lastKnownFileType = image.png; path = store.png; sourceTree = "<group>"; };
		85A4A4B6172D78220034EED6 /* closet.png */ = {isa = PBXFileReference; lastKnownFileType = image.png; path = closet.png; sourceTree = "<group>"; };
		85A4A4B8172D782E0034EED6 /* park.png */ = {isa = PBXFileReference; lastKnownFileType = image.png; path = park.png; sourceTree = "<group>"; };
		85A4A4BA172E1C0D0034EED6 /* store_icon2.png */ = {isa = PBXFileReference; lastKnownFileType = image.png; path = store_icon2.png; sourceTree = "<group>"; };
		85A4A4BC172E1C200034EED6 /* games_icon2.png */ = {isa = PBXFileReference; lastKnownFileType = image.png; path = games_icon2.png; sourceTree = "<group>"; };
		85A4A4BE172E1CC00034EED6 /* pawprint.png */ = {isa = PBXFileReference; lastKnownFileType = image.png; path = pawprint.png; sourceTree = "<group>"; };
		85A4A4C5172E3B9B0034EED6 /* blinking4A.png */ = {isa = PBXFileReference; lastKnownFileType = image.png; path = blinking4A.png; sourceTree = "<group>"; };
		85A4A4C6172E3B9B0034EED6 /* blinking4B.png */ = {isa = PBXFileReference; lastKnownFileType = image.png; path = blinking4B.png; sourceTree = "<group>"; };
		85A4A4C7172E3B9B0034EED6 /* blinking4C.png */ = {isa = PBXFileReference; lastKnownFileType = image.png; path = blinking4C.png; sourceTree = "<group>"; };
		85A4A4C8172E3B9B0034EED6 /* blinking4D.png */ = {isa = PBXFileReference; lastKnownFileType = image.png; path = blinking4D.png; sourceTree = "<group>"; };
		85A4A4C9172E3B9B0034EED6 /* blinking4E.png */ = {isa = PBXFileReference; lastKnownFileType = image.png; path = blinking4E.png; sourceTree = "<group>"; };
		85A4A4CA172E3B9B0034EED6 /* blinking4F.png */ = {isa = PBXFileReference; lastKnownFileType = image.png; path = blinking4F.png; sourceTree = "<group>"; };
		85A4A4CB172E3B9B0034EED6 /* blinking4G.png */ = {isa = PBXFileReference; lastKnownFileType = image.png; path = blinking4G.png; sourceTree = "<group>"; };
		85A4A4CC172E3B9B0034EED6 /* blinking4H.png */ = {isa = PBXFileReference; lastKnownFileType = image.png; path = blinking4H.png; sourceTree = "<group>"; };
		85A4A4CD172E3B9B0034EED6 /* blinking4I.png */ = {isa = PBXFileReference; lastKnownFileType = image.png; path = blinking4I.png; sourceTree = "<group>"; };
		85A4A4CE172E3B9B0034EED6 /* blinking4J.png */ = {isa = PBXFileReference; lastKnownFileType = image.png; path = blinking4J.png; sourceTree = "<group>"; };
		85A4A4DA172E43AE0034EED6 /* sleepingA.png */ = {isa = PBXFileReference; lastKnownFileType = image.png; path = sleepingA.png; sourceTree = "<group>"; };
		85A4A4DB172E43AE0034EED6 /* sleepingB.png */ = {isa = PBXFileReference; lastKnownFileType = image.png; path = sleepingB.png; sourceTree = "<group>"; };
		85A4A4DC172E43AE0034EED6 /* sleepingC.png */ = {isa = PBXFileReference; lastKnownFileType = image.png; path = sleepingC.png; sourceTree = "<group>"; };
		85A4A4DD172E43AE0034EED6 /* sleepingD.png */ = {isa = PBXFileReference; lastKnownFileType = image.png; path = sleepingD.png; sourceTree = "<group>"; };
		85A4A4DE172E43AE0034EED6 /* sleepingE.png */ = {isa = PBXFileReference; lastKnownFileType = image.png; path = sleepingE.png; sourceTree = "<group>"; };
		85A4A4DF172E43AE0034EED6 /* sleepingF.png */ = {isa = PBXFileReference; lastKnownFileType = image.png; path = sleepingF.png; sourceTree = "<group>"; };
		85A4A4E0172E43AE0034EED6 /* sleepingG.png */ = {isa = PBXFileReference; lastKnownFileType = image.png; path = sleepingG.png; sourceTree = "<group>"; };
		85A4A4E1172E43AE0034EED6 /* sleepingH.png */ = {isa = PBXFileReference; lastKnownFileType = image.png; path = sleepingH.png; sourceTree = "<group>"; };
		85A4A4E2172E43AE0034EED6 /* sleepingI.png */ = {isa = PBXFileReference; lastKnownFileType = image.png; path = sleepingI.png; sourceTree = "<group>"; };
		85A4A4E3172E43AE0034EED6 /* sleepingJ.png */ = {isa = PBXFileReference; lastKnownFileType = image.png; path = sleepingJ.png; sourceTree = "<group>"; };
		85A4A4E4172E43AE0034EED6 /* sleepingK.png */ = {isa = PBXFileReference; lastKnownFileType = image.png; path = sleepingK.png; sourceTree = "<group>"; };
		85A4A4E5172E43AE0034EED6 /* sleepingL.png */ = {isa = PBXFileReference; lastKnownFileType = image.png; path = sleepingL.png; sourceTree = "<group>"; };
		85A4A4E6172E43AE0034EED6 /* sleepingM.png */ = {isa = PBXFileReference; lastKnownFileType = image.png; path = sleepingM.png; sourceTree = "<group>"; };
		85A4A4E7172E43AE0034EED6 /* sleepingN.png */ = {isa = PBXFileReference; lastKnownFileType = image.png; path = sleepingN.png; sourceTree = "<group>"; };
		85A4A4E8172E43AE0034EED6 /* sleepingO.png */ = {isa = PBXFileReference; lastKnownFileType = image.png; path = sleepingO.png; sourceTree = "<group>"; };
		85A4A4E9172E43AE0034EED6 /* sleepingP.png */ = {isa = PBXFileReference; lastKnownFileType = image.png; path = sleepingP.png; sourceTree = "<group>"; };
		85A4A4FB172E50350034EED6 /* goingToSleep1.png */ = {isa = PBXFileReference; lastKnownFileType = image.png; path = goingToSleep1.png; sourceTree = "<group>"; };
		85A4A4FC172E50350034EED6 /* goingToSleep2.png */ = {isa = PBXFileReference; lastKnownFileType = image.png; path = goingToSleep2.png; sourceTree = "<group>"; };
		85A4A4FD172E50350034EED6 /* goingToSleep3.png */ = {isa = PBXFileReference; lastKnownFileType = image.png; path = goingToSleep3.png; sourceTree = "<group>"; };
		85A4A4FE172E50350034EED6 /* goingToSleep4.png */ = {isa = PBXFileReference; lastKnownFileType = image.png; path = goingToSleep4.png; sourceTree = "<group>"; };
		85A4A4FF172E50350034EED6 /* goingToSleep5.png */ = {isa = PBXFileReference; lastKnownFileType = image.png; path = goingToSleep5.png; sourceTree = "<group>"; };
		85A4A500172E50350034EED6 /* goingToSleep6.png */ = {isa = PBXFileReference; lastKnownFileType = image.png; path = goingToSleep6.png; sourceTree = "<group>"; };
		85A4A508172E59C60034EED6 /* angry1.png */ = {isa = PBXFileReference; lastKnownFileType = image.png; path = angry1.png; sourceTree = "<group>"; };
		85A4A509172E59C60034EED6 /* angry2.png */ = {isa = PBXFileReference; lastKnownFileType = image.png; path = angry2.png; sourceTree = "<group>"; };
		85A4A50E172F4B720034EED6 /* talkBubble.png */ = {isa = PBXFileReference; lastKnownFileType = image.png; path = talkBubble.png; sourceTree = "<group>"; };
		85A4A510172F5B010034EED6 /* EatViewController.h */ = {isa = PBXFileReference; fileEncoding = 4; lastKnownFileType = sourcecode.c.h; path = EatViewController.h; sourceTree = "<group>"; };
		85A4A511172F5B010034EED6 /* EatViewController.m */ = {isa = PBXFileReference; fileEncoding = 4; lastKnownFileType = sourcecode.c.objc; path = EatViewController.m; sourceTree = "<group>"; };
		85A4A512172F5B010034EED6 /* EatViewController.xib */ = {isa = PBXFileReference; fileEncoding = 4; lastKnownFileType = file.xib; path = EatViewController.xib; sourceTree = "<group>"; };
		85A4A51A172F63A90034EED6 /* WalkViewController.h */ = {isa = PBXFileReference; fileEncoding = 4; lastKnownFileType = sourcecode.c.h; path = WalkViewController.h; sourceTree = "<group>"; };
		85A4A51B172F63AB0034EED6 /* WalkViewController.m */ = {isa = PBXFileReference; fileEncoding = 4; lastKnownFileType = sourcecode.c.objc; path = WalkViewController.m; sourceTree = "<group>"; };
		85A4A51C172F63AF0034EED6 /* WalkViewController.xib */ = {isa = PBXFileReference; fileEncoding = 4; lastKnownFileType = file.xib; path = WalkViewController.xib; sourceTree = "<group>"; };
		85A4A51F172F64090034EED6 /* PlayViewController.h */ = {isa = PBXFileReference; fileEncoding = 4; lastKnownFileType = sourcecode.c.h; path = PlayViewController.h; sourceTree = "<group>"; };
		85A4A520172F64090034EED6 /* PlayViewController.m */ = {isa = PBXFileReference; fileEncoding = 4; lastKnownFileType = sourcecode.c.objc; path = PlayViewController.m; sourceTree = "<group>"; };
		85A4A521172F64090034EED6 /* PlayViewController.xib */ = {isa = PBXFileReference; fileEncoding = 4; lastKnownFileType = file.xib; path = PlayViewController.xib; sourceTree = "<group>"; };
		85A4A524172F642B0034EED6 /* PetViewController.h */ = {isa = PBXFileReference; fileEncoding = 4; lastKnownFileType = sourcecode.c.h; path = PetViewController.h; sourceTree = "<group>"; };
		85A4A525172F642D0034EED6 /* PetViewController.m */ = {isa = PBXFileReference; fileEncoding = 4; lastKnownFileType = sourcecode.c.objc; path = PetViewController.m; sourceTree = "<group>"; };
		85A4A526172F64310034EED6 /* PetViewController.xib */ = {isa = PBXFileReference; fileEncoding = 4; lastKnownFileType = file.xib; path = PetViewController.xib; sourceTree = "<group>"; };
		85A4A52F172F6DB50034EED6 /* purpleBar.png */ = {isa = PBXFileReference; lastKnownFileType = image.png; path = purpleBar.png; sourceTree = "<group>"; };
		85A4A533172F6FF80034EED6 /* purpleButton.png */ = {isa = PBXFileReference; lastKnownFileType = image.png; path = purpleButton.png; sourceTree = "<group>"; };
		85A4A535172F83B00034EED6 /* happy_bark.wav */ = {isa = PBXFileReference; lastKnownFileType = audio.wav; path = happy_bark.wav; sourceTree = "<group>"; };
		85A4A537172F83BF0034EED6 /* whimper.wav */ = {isa = PBXFileReference; lastKnownFileType = audio.wav; path = whimper.wav; sourceTree = "<group>"; };
		85A4A539172F83C90034EED6 /* angry_bark.wav */ = {isa = PBXFileReference; lastKnownFileType = audio.wav; path = angry_bark.wav; sourceTree = "<group>"; };
		85A4A53B172F84B50034EED6 /* AudioToolbox.framework */ = {isa = PBXFileReference; lastKnownFileType = wrapper.framework; name = AudioToolbox.framework; path = System/Library/Frameworks/AudioToolbox.framework; sourceTree = SDKROOT; };
		85A4A53F172FC3C10034EED6 /* bed.png */ = {isa = PBXFileReference; lastKnownFileType = image.png; path = bed.png; sourceTree = SOURCE_ROOT; };
		85A4A545172FC6840034EED6 /* room.png */ = {isa = PBXFileReference; lastKnownFileType = image.png; path = room.png; sourceTree = "<group>"; };
		85E63E001734C67E0052A655 /* back_card.png */ = {isa = PBXFileReference; lastKnownFileType = image.png; path = back_card.png; sourceTree = "<group>"; };
		85E63E011734C67E0052A655 /* card1.png */ = {isa = PBXFileReference; lastKnownFileType = image.png; path = card1.png; sourceTree = "<group>"; };
		85E63E021734C67E0052A655 /* card2.png */ = {isa = PBXFileReference; lastKnownFileType = image.png; path = card2.png; sourceTree = "<group>"; };
		85E63E031734C67E0052A655 /* card3.png */ = {isa = PBXFileReference; lastKnownFileType = image.png; path = card3.png; sourceTree = "<group>"; };
		85E63E041734C67E0052A655 /* card4.png */ = {isa = PBXFileReference; lastKnownFileType = image.png; path = card4.png; sourceTree = "<group>"; };
		85E63E051734C67E0052A655 /* card5.png */ = {isa = PBXFileReference; lastKnownFileType = image.png; path = card5.png; sourceTree = "<group>"; };
		85E63E061734C67E0052A655 /* card6.png */ = {isa = PBXFileReference; lastKnownFileType = image.png; path = card6.png; sourceTree = "<group>"; };
		85E63E071734C67E0052A655 /* card7.png */ = {isa = PBXFileReference; lastKnownFileType = image.png; path = card7.png; sourceTree = "<group>"; };
		85E63E081734C67E0052A655 /* card8.png */ = {isa = PBXFileReference; lastKnownFileType = image.png; path = card8.png; sourceTree = "<group>"; };
		85E63E091734C67E0052A655 /* card9.png */ = {isa = PBXFileReference; lastKnownFileType = image.png; path = card9.png; sourceTree = "<group>"; };
		85E63E0A1734C67E0052A655 /* card10.png */ = {isa = PBXFileReference; lastKnownFileType = image.png; path = card10.png; sourceTree = "<group>"; };
		85E63E0B1734C67E0052A655 /* card11.png */ = {isa = PBXFileReference; lastKnownFileType = image.png; path = card11.png; sourceTree = "<group>"; };
		85E63E0C1734C67E0052A655 /* card12.png */ = {isa = PBXFileReference; lastKnownFileType = image.png; path = card12.png; sourceTree = "<group>"; };
		85E63E0D1734C67E0052A655 /* cards.png */ = {isa = PBXFileReference; lastKnownFileType = image.png; path = cards.png; sourceTree = "<group>"; };
		85E63E0E1734C67E0052A655 /* matching_background.png */ = {isa = PBXFileReference; lastKnownFileType = image.png; path = matching_background.png; sourceTree = "<group>"; };
		85E63E1E1734CDB10052A655 /* MatchingViewController.h */ = {isa = PBXFileReference; fileEncoding = 4; lastKnownFileType = sourcecode.c.h; path = MatchingViewController.h; sourceTree = "<group>"; };
		85E63E1F1734CDC00052A655 /* MatchingViewController.m */ = {isa = PBXFileReference; fileEncoding = 4; lastKnownFileType = sourcecode.c.objc; path = MatchingViewController.m; sourceTree = "<group>"; };
		85E63E201734CDC00052A655 /* MatchingViewController.xib */ = {isa = PBXFileReference; fileEncoding = 4; lastKnownFileType = file.xib; path = MatchingViewController.xib; sourceTree = "<group>"; };
		85E63E231734CEF20052A655 /* backyard.png */ = {isa = PBXFileReference; lastKnownFileType = image.png; path = backyard.png; sourceTree = SOURCE_ROOT; };
		85E63E271734CFAC0052A655 /* kitchen.png */ = {isa = PBXFileReference; lastKnownFileType = image.png; path = kitchen.png; sourceTree = "<group>"; };
		85E63E291734D25D0052A655 /* interact_icon2.png */ = {isa = PBXFileReference; lastKnownFileType = image.png; path = interact_icon2.png; sourceTree = SOURCE_ROOT; };
/* End PBXFileReference section */

/* Begin PBXFrameworksBuildPhase section */
		8509048F171F7049009F125C /* Frameworks */ = {
			isa = PBXFrameworksBuildPhase;
			buildActionMask = 2147483647;
			files = (
				856BBB0E17364E8200CFA485 /* CoreMotion.framework in Frameworks */,
				85A4A53C172F84B60034EED6 /* AudioToolbox.framework in Frameworks */,
				85090496171F704A009F125C /* UIKit.framework in Frameworks */,
				85090498171F704A009F125C /* Foundation.framework in Frameworks */,
				8509049A171F704A009F125C /* CoreGraphics.framework in Frameworks */,
			);
			runOnlyForDeploymentPostprocessing = 0;
		};
		850904AE171F704A009F125C /* Frameworks */ = {
			isa = PBXFrameworksBuildPhase;
			buildActionMask = 2147483647;
			files = (
				850904B4171F704A009F125C /* SenTestingKit.framework in Frameworks */,
				850904B5171F704A009F125C /* UIKit.framework in Frameworks */,
				850904B6171F704A009F125C /* Foundation.framework in Frameworks */,
			);
			runOnlyForDeploymentPostprocessing = 0;
		};
/* End PBXFrameworksBuildPhase section */

/* Begin PBXGroup section */
		85090489171F7049009F125C = {
			isa = PBXGroup;
			children = (
				8509049B171F704A009F125C /* iPoochie */,
				850904B9171F704A009F125C /* iPoochieTests */,
				85090494171F7049009F125C /* Frameworks */,
				85090493171F7049009F125C /* Products */,
			);
			sourceTree = "<group>";
		};
		85090493171F7049009F125C /* Products */ = {
			isa = PBXGroup;
			children = (
				85090492171F7049009F125C /* iPoochie.app */,
				850904B2171F704A009F125C /* iPoochieTests.octest */,
			);
			name = Products;
			sourceTree = "<group>";
		};
		85090494171F7049009F125C /* Frameworks */ = {
			isa = PBXGroup;
			children = (
				856BBB0D17364E8200CFA485 /* CoreMotion.framework */,
				85A4A53B172F84B50034EED6 /* AudioToolbox.framework */,
				85090495171F704A009F125C /* UIKit.framework */,
				85090497171F704A009F125C /* Foundation.framework */,
				85090499171F704A009F125C /* CoreGraphics.framework */,
				850904B3171F704A009F125C /* SenTestingKit.framework */,
			);
			name = Frameworks;
			sourceTree = "<group>";
		};
		8509049B171F704A009F125C /* iPoochie */ = {
			isa = PBXGroup;
			children = (
				850904CE171F713E009F125C /* Images */,
				850904CF171F7149009F125C /* Sounds */,
				850904CD171F7127009F125C /* View Controllers */,
				850904A4171F704A009F125C /* AppDelegate.h */,
				850904A5171F704A009F125C /* AppDelegate.m */,
				8509049C171F704A009F125C /* Supporting Files */,
			);
			path = iPoochie;
			sourceTree = "<group>";
		};
		8509049C171F704A009F125C /* Supporting Files */ = {
			isa = PBXGroup;
			children = (
				8509050B17259EA6009F125C /* items.plist */,
				85A4A42F172911FD0034EED6 /* game.plist */,
				850904DC171F7323009F125C /* TabBarController.xib */,
				8509049D171F704A009F125C /* iPoochie-Info.plist */,
				8509049E171F704A009F125C /* InfoPlist.strings */,
				850904A1171F704A009F125C /* main.m */,
				850904A3171F704A009F125C /* iPoochie-Prefix.pch */,
				850904A7171F704A009F125C /* Default.png */,
				850904A9171F704A009F125C /* Default@2x.png */,
				850904AB171F704A009F125C /* Default-568h@2x.png */,
			);
			name = "Supporting Files";
			sourceTree = "<group>";
		};
		850904B9171F704A009F125C /* iPoochieTests */ = {
			isa = PBXGroup;
			children = (
				850904BF171F704A009F125C /* iPoochieTests.h */,
				850904C0171F704A009F125C /* iPoochieTests.m */,
				850904BA171F704A009F125C /* Supporting Files */,
			);
			path = iPoochieTests;
			sourceTree = "<group>";
		};
		850904BA171F704A009F125C /* Supporting Files */ = {
			isa = PBXGroup;
			children = (
				850904BB171F704A009F125C /* iPoochieTests-Info.plist */,
				850904BC171F704A009F125C /* InfoPlist.strings */,
			);
			name = "Supporting Files";
			sourceTree = "<group>";
		};
		850904CD171F7127009F125C /* View Controllers */ = {
			isa = PBXGroup;
			children = (
				850904EB171F789E009F125C /* ClosetViewController.h */,
				85E63E1E1734CDB10052A655 /* MatchingViewController.h */,
				85E63E1F1734CDC00052A655 /* MatchingViewController.m */,
				85E63E201734CDC00052A655 /* MatchingViewController.xib */,
				850904EC171F789E009F125C /* ClosetViewController.m */,
				850904ED171F789E009F125C /* ClosetViewController.xib */,
				850904F0171F78BD009F125C /* GamesViewController.h */,
				850904F1171F78BE009F125C /* GamesViewController.m */,
				850904F2171F78BE009F125C /* GamesViewController.xib */,
				850904E6171F7869009F125C /* InteractViewController.h */,
				850904E7171F7869009F125C /* InteractViewController.m */,
				850904E8171F7869009F125C /* InteractViewController.xib */,
				85A4A510172F5B010034EED6 /* EatViewController.h */,
				85A4A511172F5B010034EED6 /* EatViewController.m */,
				85A4A512172F5B010034EED6 /* EatViewController.xib */,
				850904F5171F78D3009F125C /* StoreViewController.h */,
				850904F6171F78D3009F125C /* StoreViewController.m */,
				850904F7171F78D3009F125C /* StoreViewController.xib */,
				85A4A51A172F63A90034EED6 /* WalkViewController.h */,
				85A4A51B172F63AB0034EED6 /* WalkViewController.m */,
				85A4A51C172F63AF0034EED6 /* WalkViewController.xib */,
				85A4A51F172F64090034EED6 /* PlayViewController.h */,
				85A4A520172F64090034EED6 /* PlayViewController.m */,
				85A4A521172F64090034EED6 /* PlayViewController.xib */,
				85A4A524172F642B0034EED6 /* PetViewController.h */,
				85A4A525172F642D0034EED6 /* PetViewController.m */,
				85A4A526172F64310034EED6 /* PetViewController.xib */,
			);
			name = "View Controllers";
			sourceTree = "<group>";
		};
		850904CE171F713E009F125C /* Images */ = {
			isa = PBXGroup;
			children = (
				856BBAF217354E6000CFA485 /* Bubbles */,
				85E63DFF1734C6580052A655 /* Card Match */,
				85A4A48F172D41F80034EED6 /* Pet Frames */,
				85A4A43C172D1A0D0034EED6 /* Bars */,
				85A4A43517294A200034EED6 /* Backgrounds */,
				85A4A432172949B50034EED6 /* Buttons */,
				85A4A431172949A00034EED6 /* Icons */,
				85090502171FD337009F125C /* Pet Items */,
			);
			name = Images;
			sourceTree = "<group>";
		};
		850904CF171F7149009F125C /* Sounds */ = {
			isa = PBXGroup;
			children = (
				856BBB3A17373F1D00CFA485 /* cash_register.wav */,
				856BBB3C1737408F00CFA485 /* lose.wav */,
				856BBB401737409F00CFA485 /* cash_register.wav */,
				856BBB411737409F00CFA485 /* drum_roll.wav */,
				856BBB421737409F00CFA485 /* chime_down.wav */,
				856BBB431737409F00CFA485 /* chime_up.wav */,
				856BBB441737409F00CFA485 /* card_shuffle.wav */,
				856BBB3D1737408F00CFA485 /* win.wav */,
				856BBB3817373EFF00CFA485 /* alert.wav */,
				856BBB09173621A100CFA485 /* down.wav */,
				856BBB0A173621A100CFA485 /* up.wav */,
				85A4A539172F83C90034EED6 /* angry_bark.wav */,
				85A4A537172F83BF0034EED6 /* whimper.wav */,
				85A4A535172F83B00034EED6 /* happy_bark.wav */,
			);
			name = Sounds;
			sourceTree = "<group>";
		};
		85090502171FD337009F125C /* Pet Items */ = {
			isa = PBXGroup;
			children = (
				85A4A4B2172D76170034EED6 /* squeakytoy.png */,
				85A4A4B0172D749C0034EED6 /* chewtoy.png */,
				85A4A4A4172D676D0034EED6 /* ball.png */,
				85A4A4A5172D676D0034EED6 /* bone.png */,
				85A4A47D172D3A650034EED6 /* chow.png */,
				85A4A47B172D3A540034EED6 /* treat.png */,
			);
			name = "Pet Items";
			sourceTree = "<group>";
		};
		856BBAC817353A2100CFA485 /* wagging1 */ = {
			isa = PBXGroup;
			children = (
				856BBAC917353A2100CFA485 /* wagging1A.png */,
				856BBACA17353A2100CFA485 /* wagging1B.png */,
				856BBACB17353A2100CFA485 /* wagging1C.png */,
				856BBACC17353A2100CFA485 /* wagging1D.png */,
				856BBACD17353A2100CFA485 /* wagging1E.png */,
				856BBACE17353A2100CFA485 /* wagging1F.png */,
				856BBACF17353A2100CFA485 /* wagging1G.png */,
				856BBAD017353A2100CFA485 /* wagging1H.png */,
				856BBAD117353A2100CFA485 /* wagging1I.png */,
			);
			name = wagging1;
			path = petFrames/wagging1;
			sourceTree = SOURCE_ROOT;
		};
		856BBAD217353A2100CFA485 /* wagging2 */ = {
			isa = PBXGroup;
			children = (
				856BBAD317353A2100CFA485 /* wagging2A.png */,
				856BBAD417353A2100CFA485 /* wagging2B.png */,
				856BBAD517353A2100CFA485 /* wagging2C.png */,
				856BBAD617353A2100CFA485 /* wagging2D.png */,
				856BBAD717353A2100CFA485 /* wagging2E.png */,
				856BBAD817353A2100CFA485 /* wagging2F.png */,
				856BBAD917353A2100CFA485 /* wagging2G.png */,
				856BBADA17353A2100CFA485 /* wagging2H.png */,
				856BBADB17353A2100CFA485 /* wagging2I.png */,
				856BBADC17353A2100CFA485 /* wagging2J.png */,
			);
			name = wagging2;
			path = petFrames/wagging2;
			sourceTree = SOURCE_ROOT;
		};
		856BBAF217354E6000CFA485 /* Bubbles */ = {
			isa = PBXGroup;
			children = (
				856BBB011735790600CFA485 /* redArrow.png */,
				856BBB021735790600CFA485 /* blueArrow.png */,
				856BBB031735790600CFA485 /* purpleArrow.png */,
				856BBB041735790600CFA485 /* magentaArrow.png */,
				856BBAFF173575ED00CFA485 /* purpleArrow.png */,
				856BBAFB17354F6800CFA485 /* talkBubble2.png */,
				856BBAF317354EC600CFA485 /* orangeBubble.png */,
				856BBAF417354EC600CFA485 /* greenBubble.png */,
				856BBAF517354EC600CFA485 /* redBubble.png */,
				856BBAF617354EC600CFA485 /* yellowBubble.png */,
				85A4A50E172F4B720034EED6 /* talkBubble.png */,
				856BBAF017354E4D00CFA485 /* statsbubble.png */,
			);
			name = Bubbles;
			sourceTree = "<group>";
		};
		856BBB0F17365B5E00CFA485 /* Shake */ = {
			isa = PBXGroup;
			children = (
				856BBB1017365B5E00CFA485 /* Shake0.gif */,
				856BBB1117365B5E00CFA485 /* Shake1.gif */,
				856BBB1217365B5E00CFA485 /* Shake2.gif */,
				856BBB1317365B5E00CFA485 /* Shake3.gif */,
				856BBB1417365B5E00CFA485 /* Shake4.gif */,
				856BBB1517365B5E00CFA485 /* Shake5.gif */,
				856BBB1617365B5E00CFA485 /* Shake6.gif */,
				856BBB1717365B5E00CFA485 /* Shake7.gif */,
				856BBB1817365B5E00CFA485 /* Shake8.gif */,
				856BBB1917365B5E00CFA485 /* Shake9.gif */,
			);
			path = Shake;
			sourceTree = SOURCE_ROOT;
		};
		856BBB261736806600CFA485 /* eating */ = {
			isa = PBXGroup;
			children = (
				856BBB271736806600CFA485 /* eating1.png */,
				856BBB281736806600CFA485 /* eating2.png */,
				856BBB291736806600CFA485 /* eating3.png */,
				856BBB2A1736806600CFA485 /* eating4.png */,
				856BBB2B1736806600CFA485 /* eating5.png */,
				856BBB2C1736806600CFA485 /* eating6.png */,
			);
			name = eating;
			path = petFrames/eating;
			sourceTree = SOURCE_ROOT;
		};
		856BBB2D1736806600CFA485 /* goingToEat */ = {
			isa = PBXGroup;
			children = (
				856BBB2E1736806600CFA485 /* goingToEat1.png */,
				856BBB2F1736806600CFA485 /* goingToEat2.png */,
			);
			name = goingToEat;
			path = petFrames/goingToEat;
			sourceTree = SOURCE_ROOT;
		};
		85A4A431172949A00034EED6 /* Icons */ = {
			isa = PBXGroup;
			children = (
				85E63E291734D25D0052A655 /* interact_icon2.png */,
				85A4A4BC172E1C200034EED6 /* games_icon2.png */,
				85A4A4BA172E1C0D0034EED6 /* store_icon2.png */,
				85A4A4AE172D70790034EED6 /* icon.png */,
				85A4A489172D3B140034EED6 /* icon@2x.png */,
				85A4A485172D3AA90034EED6 /* interact_icon.png */,
				85A4A483172D3A970034EED6 /* stores_icon.png */,
				85A4A481172D3A8C0034EED6 /* games_icon.png */,
				85A4A47F172D3A830034EED6 /* closet_icon.png */,
			);
			name = Icons;
			sourceTree = "<group>";
		};
		85A4A432172949B50034EED6 /* Buttons */ = {
			isa = PBXGroup;
			children = (
				856BBB2417367CBD00CFA485 /* orangeButton.png */,
				85A4A533172F6FF80034EED6 /* purpleButton.png */,
				85A4A4BE172E1CC00034EED6 /* pawprint.png */,
				85A4A48B172D3B5B0034EED6 /* brightGreenButton.png */,
			);
			name = Buttons;
			sourceTree = "<group>";
		};
		85A4A43517294A200034EED6 /* Backgrounds */ = {
			isa = PBXGroup;
			children = (
				856BBAC617352BB400CFA485 /* room.png */,
				85E63E271734CFAC0052A655 /* kitchen.png */,
				85A4A545172FC6840034EED6 /* room.png */,
				85A4A53F172FC3C10034EED6 /* bed.png */,
				85E63E231734CEF20052A655 /* backyard.png */,
				85A4A4B6172D78220034EED6 /* closet.png */,
				85A4A4B4172D78150034EED6 /* store.png */,
				85A4A4B8172D782E0034EED6 /* park.png */,
				85A4A487172D3AE00034EED6 /* paws.png */,
			);
			name = Backgrounds;
			sourceTree = "<group>";
		};
		85A4A43C172D1A0D0034EED6 /* Bars */ = {
			isa = PBXGroup;
			children = (
				85A4A465172D2A030034EED6 /* bars1.png */,
				85A4A466172D2A030034EED6 /* bars2.png */,
				85A4A467172D2A030034EED6 /* bars3.png */,
				85A4A52F172F6DB50034EED6 /* purpleBar.png */,
				85A4A468172D2A030034EED6 /* bars4.png */,
				85A4A469172D2A030034EED6 /* bars5.png */,
				85A4A46A172D2A030034EED6 /* bars6.png */,
				85A4A46B172D2A030034EED6 /* bars7.png */,
				85A4A46C172D2A030034EED6 /* bars8.png */,
				85A4A46D172D2A030034EED6 /* bars9.png */,
				85A4A46E172D2A030034EED6 /* bars10.png */,
			);
			name = Bars;
			sourceTree = "<group>";
		};
		85A4A48F172D41F80034EED6 /* Pet Frames */ = {
			isa = PBXGroup;
			children = (
				856BBB261736806600CFA485 /* eating */,
				856BBB2D1736806600CFA485 /* goingToEat */,
				856BBB0F17365B5E00CFA485 /* Shake */,
				856BBAC817353A2100CFA485 /* wagging1 */,
				856BBAD217353A2100CFA485 /* wagging2 */,
				85A4A507172E59C40034EED6 /* angry */,
				85A4A4FA172E50340034EED6 /* goingToSleep */,
				85A4A4D9172E43AD0034EED6 /* sleeping */,
				85A4A4C4172E3B7E0034EED6 /* blinking4 */,
				85A4A498172D42200034EED6 /* notAminated.gif */,
			);
			name = "Pet Frames";
			sourceTree = "<group>";
		};
		85A4A4C4172E3B7E0034EED6 /* blinking4 */ = {
			isa = PBXGroup;
			children = (
				85A4A4C5172E3B9B0034EED6 /* blinking4A.png */,
				85A4A4C6172E3B9B0034EED6 /* blinking4B.png */,
				85A4A4C7172E3B9B0034EED6 /* blinking4C.png */,
				85A4A4C8172E3B9B0034EED6 /* blinking4D.png */,
				85A4A4C9172E3B9B0034EED6 /* blinking4E.png */,
				85A4A4CA172E3B9B0034EED6 /* blinking4F.png */,
				85A4A4CB172E3B9B0034EED6 /* blinking4G.png */,
				85A4A4CC172E3B9B0034EED6 /* blinking4H.png */,
				85A4A4CD172E3B9B0034EED6 /* blinking4I.png */,
				85A4A4CE172E3B9B0034EED6 /* blinking4J.png */,
			);
			name = blinking4;
			sourceTree = "<group>";
		};
		85A4A4D9172E43AD0034EED6 /* sleeping */ = {
			isa = PBXGroup;
			children = (
				85A4A4DA172E43AE0034EED6 /* sleepingA.png */,
				85A4A4DB172E43AE0034EED6 /* sleepingB.png */,
				85A4A4DC172E43AE0034EED6 /* sleepingC.png */,
				85A4A4DD172E43AE0034EED6 /* sleepingD.png */,
				85A4A4DE172E43AE0034EED6 /* sleepingE.png */,
				85A4A4DF172E43AE0034EED6 /* sleepingF.png */,
				85A4A4E0172E43AE0034EED6 /* sleepingG.png */,
				85A4A4E1172E43AE0034EED6 /* sleepingH.png */,
				85A4A4E2172E43AE0034EED6 /* sleepingI.png */,
				85A4A4E3172E43AE0034EED6 /* sleepingJ.png */,
				85A4A4E4172E43AE0034EED6 /* sleepingK.png */,
				85A4A4E5172E43AE0034EED6 /* sleepingL.png */,
				85A4A4E6172E43AE0034EED6 /* sleepingM.png */,
				85A4A4E7172E43AE0034EED6 /* sleepingN.png */,
				85A4A4E8172E43AE0034EED6 /* sleepingO.png */,
				85A4A4E9172E43AE0034EED6 /* sleepingP.png */,
			);
			path = sleeping;
			sourceTree = "<group>";
		};
		85A4A4FA172E50340034EED6 /* goingToSleep */ = {
			isa = PBXGroup;
			children = (
				85A4A4FB172E50350034EED6 /* goingToSleep1.png */,
				85A4A4FC172E50350034EED6 /* goingToSleep2.png */,
				85A4A4FD172E50350034EED6 /* goingToSleep3.png */,
				85A4A4FE172E50350034EED6 /* goingToSleep4.png */,
				85A4A4FF172E50350034EED6 /* goingToSleep5.png */,
				85A4A500172E50350034EED6 /* goingToSleep6.png */,
			);
			path = goingToSleep;
			sourceTree = "<group>";
		};
		85A4A507172E59C40034EED6 /* angry */ = {
			isa = PBXGroup;
			children = (
				85A4A508172E59C60034EED6 /* angry1.png */,
				85A4A509172E59C60034EED6 /* angry2.png */,
			);
			path = angry;
			sourceTree = "<group>";
		};
		85E63DFF1734C6580052A655 /* Card Match */ = {
			isa = PBXGroup;
			children = (
				85E63E001734C67E0052A655 /* back_card.png */,
				85E63E011734C67E0052A655 /* card1.png */,
				85E63E021734C67E0052A655 /* card2.png */,
				85E63E031734C67E0052A655 /* card3.png */,
				85E63E041734C67E0052A655 /* card4.png */,
				85E63E051734C67E0052A655 /* card5.png */,
				85E63E061734C67E0052A655 /* card6.png */,
				85E63E071734C67E0052A655 /* card7.png */,
				85E63E081734C67E0052A655 /* card8.png */,
				85E63E091734C67E0052A655 /* card9.png */,
				85E63E0A1734C67E0052A655 /* card10.png */,
				85E63E0B1734C67E0052A655 /* card11.png */,
				85E63E0C1734C67E0052A655 /* card12.png */,
				85E63E0D1734C67E0052A655 /* cards.png */,
				85E63E0E1734C67E0052A655 /* matching_background.png */,
			);
			name = "Card Match";
			sourceTree = "<group>";
		};
/* End PBXGroup section */

/* Begin PBXNativeTarget section */
		85090491171F7049009F125C /* iPoochie */ = {
			isa = PBXNativeTarget;
			buildConfigurationList = 850904C4171F704A009F125C /* Build configuration list for PBXNativeTarget "iPoochie" */;
			buildPhases = (
				8509048E171F7049009F125C /* Sources */,
				8509048F171F7049009F125C /* Frameworks */,
				85090490171F7049009F125C /* Resources */,
			);
			buildRules = (
			);
			dependencies = (
			);
			name = iPoochie;
			productName = iPoochie;
			productReference = 85090492171F7049009F125C /* iPoochie.app */;
			productType = "com.apple.product-type.application";
		};
		850904B1171F704A009F125C /* iPoochieTests */ = {
			isa = PBXNativeTarget;
			buildConfigurationList = 850904C7171F704A009F125C /* Build configuration list for PBXNativeTarget "iPoochieTests" */;
			buildPhases = (
				850904AD171F704A009F125C /* Sources */,
				850904AE171F704A009F125C /* Frameworks */,
				850904AF171F704A009F125C /* Resources */,
				850904B0171F704A009F125C /* ShellScript */,
			);
			buildRules = (
			);
			dependencies = (
				850904B8171F704A009F125C /* PBXTargetDependency */,
			);
			name = iPoochieTests;
			productName = iPoochieTests;
			productReference = 850904B2171F704A009F125C /* iPoochieTests.octest */;
			productType = "com.apple.product-type.bundle";
		};
/* End PBXNativeTarget section */

/* Begin PBXProject section */
		8509048A171F7049009F125C /* Project object */ = {
			isa = PBXProject;
			attributes = {
				LastUpgradeCheck = 0460;
				ORGANIZATIONNAME = NYU;
			};
			buildConfigurationList = 8509048D171F7049009F125C /* Build configuration list for PBXProject "iPoochie" */;
			compatibilityVersion = "Xcode 3.2";
			developmentRegion = English;
			hasScannedForEncodings = 0;
			knownRegions = (
				en,
			);
			mainGroup = 85090489171F7049009F125C;
			productRefGroup = 85090493171F7049009F125C /* Products */;
			projectDirPath = "";
			projectRoot = "";
			targets = (
				85090491171F7049009F125C /* iPoochie */,
				850904B1171F704A009F125C /* iPoochieTests */,
			);
		};
/* End PBXProject section */

/* Begin PBXResourcesBuildPhase section */
		85090490171F7049009F125C /* Resources */ = {
			isa = PBXResourcesBuildPhase;
			buildActionMask = 2147483647;
			files = (
				850904A0171F704A009F125C /* InfoPlist.strings in Resources */,
				850904A8171F704A009F125C /* Default.png in Resources */,
				850904AA171F704A009F125C /* Default@2x.png in Resources */,
				850904AC171F704A009F125C /* Default-568h@2x.png in Resources */,
				850904DD171F7323009F125C /* TabBarController.xib in Resources */,
				850904EA171F7869009F125C /* InteractViewController.xib in Resources */,
				850904EF171F789E009F125C /* ClosetViewController.xib in Resources */,
				850904F4171F78BE009F125C /* GamesViewController.xib in Resources */,
				850904F9171F78D3009F125C /* StoreViewController.xib in Resources */,
				8509050C17259EA6009F125C /* items.plist in Resources */,
				85A4A430172911FD0034EED6 /* game.plist in Resources */,
				85A4A46F172D2A030034EED6 /* bars1.png in Resources */,
				85A4A470172D2A030034EED6 /* bars2.png in Resources */,
				85A4A471172D2A030034EED6 /* bars3.png in Resources */,
				85A4A472172D2A030034EED6 /* bars4.png in Resources */,
				85A4A473172D2A030034EED6 /* bars5.png in Resources */,
				85A4A474172D2A030034EED6 /* bars6.png in Resources */,
				85A4A475172D2A030034EED6 /* bars7.png in Resources */,
				85A4A476172D2A030034EED6 /* bars8.png in Resources */,
				85A4A477172D2A030034EED6 /* bars9.png in Resources */,
				85A4A478172D2A030034EED6 /* bars10.png in Resources */,
				85A4A47C172D3A540034EED6 /* treat.png in Resources */,
				85A4A47E172D3A650034EED6 /* chow.png in Resources */,
				85A4A480172D3A830034EED6 /* closet_icon.png in Resources */,
				85A4A482172D3A8C0034EED6 /* games_icon.png in Resources */,
				85A4A484172D3A970034EED6 /* stores_icon.png in Resources */,
				85A4A486172D3AA90034EED6 /* interact_icon.png in Resources */,
				85A4A488172D3AE00034EED6 /* paws.png in Resources */,
				85A4A48A172D3B140034EED6 /* icon@2x.png in Resources */,
				85A4A48C172D3B5B0034EED6 /* brightGreenButton.png in Resources */,
				85A4A499172D42200034EED6 /* notAminated.gif in Resources */,
				85A4A4A6172D676D0034EED6 /* ball.png in Resources */,
				85A4A4A7172D676D0034EED6 /* bone.png in Resources */,
				85A4A4AF172D70790034EED6 /* icon.png in Resources */,
				85A4A4B1172D749C0034EED6 /* chewtoy.png in Resources */,
				85A4A4B3172D76170034EED6 /* squeakytoy.png in Resources */,
				85A4A4B5172D78150034EED6 /* store.png in Resources */,
				85A4A4B7172D78220034EED6 /* closet.png in Resources */,
				85A4A4B9172D782E0034EED6 /* park.png in Resources */,
				85A4A4BB172E1C0D0034EED6 /* store_icon2.png in Resources */,
				85A4A4BD172E1C200034EED6 /* games_icon2.png in Resources */,
				85A4A4BF172E1CC00034EED6 /* pawprint.png in Resources */,
				85A4A4CF172E3B9B0034EED6 /* blinking4A.png in Resources */,
				85A4A4D0172E3B9B0034EED6 /* blinking4B.png in Resources */,
				85A4A4D1172E3B9B0034EED6 /* blinking4C.png in Resources */,
				85A4A4D2172E3B9B0034EED6 /* blinking4D.png in Resources */,
				85A4A4D3172E3B9B0034EED6 /* blinking4E.png in Resources */,
				85A4A4D4172E3B9B0034EED6 /* blinking4F.png in Resources */,
				85A4A4D5172E3B9B0034EED6 /* blinking4G.png in Resources */,
				85A4A4D6172E3B9B0034EED6 /* blinking4H.png in Resources */,
				85A4A4D7172E3B9B0034EED6 /* blinking4I.png in Resources */,
				85A4A4D8172E3B9B0034EED6 /* blinking4J.png in Resources */,
				85A4A4EA172E43AE0034EED6 /* sleepingA.png in Resources */,
				85A4A4EB172E43AE0034EED6 /* sleepingB.png in Resources */,
				85A4A4EC172E43AE0034EED6 /* sleepingC.png in Resources */,
				85A4A4ED172E43AE0034EED6 /* sleepingD.png in Resources */,
				85A4A4EE172E43AE0034EED6 /* sleepingE.png in Resources */,
				85A4A4EF172E43AE0034EED6 /* sleepingF.png in Resources */,
				85A4A4F0172E43AE0034EED6 /* sleepingG.png in Resources */,
				85A4A4F1172E43AE0034EED6 /* sleepingH.png in Resources */,
				85A4A4F2172E43AE0034EED6 /* sleepingI.png in Resources */,
				85A4A4F3172E43AE0034EED6 /* sleepingJ.png in Resources */,
				85A4A4F4172E43AE0034EED6 /* sleepingK.png in Resources */,
				85A4A4F5172E43AE0034EED6 /* sleepingL.png in Resources */,
				85A4A4F6172E43AE0034EED6 /* sleepingM.png in Resources */,
				85A4A4F7172E43AE0034EED6 /* sleepingN.png in Resources */,
				85A4A4F8172E43AE0034EED6 /* sleepingO.png in Resources */,
				85A4A4F9172E43AE0034EED6 /* sleepingP.png in Resources */,
				85A4A501172E50350034EED6 /* goingToSleep1.png in Resources */,
				85A4A502172E50350034EED6 /* goingToSleep2.png in Resources */,
				85A4A503172E50350034EED6 /* goingToSleep3.png in Resources */,
				85A4A504172E50350034EED6 /* goingToSleep4.png in Resources */,
				85A4A505172E50350034EED6 /* goingToSleep5.png in Resources */,
				85A4A506172E50350034EED6 /* goingToSleep6.png in Resources */,
				85A4A50A172E59C60034EED6 /* angry1.png in Resources */,
				85A4A50B172E59C60034EED6 /* angry2.png in Resources */,
				85A4A50F172F4B720034EED6 /* talkBubble.png in Resources */,
				85A4A514172F5B020034EED6 /* EatViewController.xib in Resources */,
				85A4A51E172F63B70034EED6 /* WalkViewController.xib in Resources */,
				85A4A523172F640A0034EED6 /* PlayViewController.xib in Resources */,
				85A4A528172F643A0034EED6 /* PetViewController.xib in Resources */,
				85A4A530172F6DB50034EED6 /* purpleBar.png in Resources */,
				85A4A534172F6FF80034EED6 /* purpleButton.png in Resources */,
				85A4A536172F83B00034EED6 /* happy_bark.wav in Resources */,
				85A4A538172F83BF0034EED6 /* whimper.wav in Resources */,
				85A4A53A172F83C90034EED6 /* angry_bark.wav in Resources */,
				85A4A540172FC3C10034EED6 /* bed.png in Resources */,
				85A4A546172FC6840034EED6 /* room.png in Resources */,
				85E63E0F1734C67E0052A655 /* back_card.png in Resources */,
				85E63E101734C67E0052A655 /* card1.png in Resources */,
				85E63E111734C67E0052A655 /* card2.png in Resources */,
				85E63E121734C67E0052A655 /* card3.png in Resources */,
				85E63E131734C67E0052A655 /* card4.png in Resources */,
				85E63E141734C67E0052A655 /* card5.png in Resources */,
				85E63E151734C67E0052A655 /* card6.png in Resources */,
				85E63E161734C67E0052A655 /* card7.png in Resources */,
				85E63E171734C67E0052A655 /* card8.png in Resources */,
				85E63E181734C67E0052A655 /* card9.png in Resources */,
				85E63E191734C67E0052A655 /* card10.png in Resources */,
				85E63E1A1734C67E0052A655 /* card11.png in Resources */,
				85E63E1B1734C67E0052A655 /* card12.png in Resources */,
				85E63E1C1734C67E0052A655 /* cards.png in Resources */,
				85E63E1D1734C67E0052A655 /* matching_background.png in Resources */,
				85E63E221734CDC10052A655 /* MatchingViewController.xib in Resources */,
				85E63E251734CEF20052A655 /* backyard.png in Resources */,
				85E63E281734CFAC0052A655 /* kitchen.png in Resources */,
				85E63E2A1734D25E0052A655 /* interact_icon2.png in Resources */,
				856BBAC717352BB400CFA485 /* room.png in Resources */,
				856BBADD17353A2100CFA485 /* wagging1A.png in Resources */,
				856BBADE17353A2100CFA485 /* wagging1B.png in Resources */,
				856BBADF17353A2100CFA485 /* wagging1C.png in Resources */,
				856BBAE017353A2100CFA485 /* wagging1D.png in Resources */,
				856BBAE117353A2100CFA485 /* wagging1E.png in Resources */,
				856BBAE217353A2100CFA485 /* wagging1F.png in Resources */,
				856BBAE317353A2100CFA485 /* wagging1G.png in Resources */,
				856BBAE417353A2100CFA485 /* wagging1H.png in Resources */,
				856BBAE517353A2100CFA485 /* wagging1I.png in Resources */,
				856BBAE617353A2100CFA485 /* wagging2A.png in Resources */,
				856BBAE717353A2100CFA485 /* wagging2B.png in Resources */,
				856BBAE817353A2100CFA485 /* wagging2C.png in Resources */,
				856BBAE917353A2100CFA485 /* wagging2D.png in Resources */,
				856BBAEA17353A2100CFA485 /* wagging2E.png in Resources */,
				856BBAEB17353A2100CFA485 /* wagging2F.png in Resources */,
				856BBAEC17353A2100CFA485 /* wagging2G.png in Resources */,
				856BBAED17353A2100CFA485 /* wagging2H.png in Resources */,
				856BBAEE17353A2100CFA485 /* wagging2I.png in Resources */,
				856BBAEF17353A2100CFA485 /* wagging2J.png in Resources */,
				856BBAF117354E4D00CFA485 /* statsbubble.png in Resources */,
				856BBAF717354EC600CFA485 /* orangeBubble.png in Resources */,
				856BBAF817354EC600CFA485 /* greenBubble.png in Resources */,
				856BBAF917354EC600CFA485 /* redBubble.png in Resources */,
				856BBAFA17354EC600CFA485 /* yellowBubble.png in Resources */,
				856BBAFC17354F6800CFA485 /* talkBubble2.png in Resources */,
				856BBB00173575ED00CFA485 /* purpleArrow.png in Resources */,
				856BBB051735790700CFA485 /* redArrow.png in Resources */,
				856BBB061735790700CFA485 /* blueArrow.png in Resources */,
				856BBB071735790700CFA485 /* purpleArrow.png in Resources */,
				856BBB081735790700CFA485 /* magentaArrow.png in Resources */,
				856BBB0B173621A100CFA485 /* down.wav in Resources */,
				856BBB0C173621A100CFA485 /* up.wav in Resources */,
				856BBB1A17365B5E00CFA485 /* Shake0.gif in Resources */,
				856BBB1B17365B5E00CFA485 /* Shake1.gif in Resources */,
				856BBB1C17365B5E00CFA485 /* Shake2.gif in Resources */,
				856BBB1D17365B5E00CFA485 /* Shake3.gif in Resources */,
				856BBB1E17365B5E00CFA485 /* Shake4.gif in Resources */,
				856BBB1F17365B5E00CFA485 /* Shake5.gif in Resources */,
				856BBB2017365B5E00CFA485 /* Shake6.gif in Resources */,
				856BBB2117365B5E00CFA485 /* Shake7.gif in Resources */,
				856BBB2217365B5E00CFA485 /* Shake8.gif in Resources */,
				856BBB2317365B5E00CFA485 /* Shake9.gif in Resources */,
				856BBB2517367CBD00CFA485 /* orangeButton.png in Resources */,
				856BBB301736806600CFA485 /* eating1.png in Resources */,
				856BBB311736806600CFA485 /* eating2.png in Resources */,
				856BBB321736806600CFA485 /* eating3.png in Resources */,
				856BBB331736806600CFA485 /* eating4.png in Resources */,
				856BBB341736806600CFA485 /* eating5.png in Resources */,
				856BBB351736806600CFA485 /* eating6.png in Resources */,
				856BBB361736806600CFA485 /* goingToEat1.png in Resources */,
				856BBB371736806600CFA485 /* goingToEat2.png in Resources */,
				856BBB3917373EFF00CFA485 /* alert.wav in Resources */,
				856BBB3B17373F1D00CFA485 /* cash_register.wav in Resources */,
				856BBB3E1737408F00CFA485 /* lose.wav in Resources */,
				856BBB3F1737408F00CFA485 /* win.wav in Resources */,
				856BBB451737409F00CFA485 /* cash_register.wav in Resources */,
				856BBB461737409F00CFA485 /* drum_roll.wav in Resources */,
				856BBB471737409F00CFA485 /* chime_down.wav in Resources */,
				856BBB481737409F00CFA485 /* chime_up.wav in Resources */,
				856BBB491737409F00CFA485 /* card_shuffle.wav in Resources */,
			);
			runOnlyForDeploymentPostprocessing = 0;
		};
		850904AF171F704A009F125C /* Resources */ = {
			isa = PBXResourcesBuildPhase;
			buildActionMask = 2147483647;
			files = (
				850904BE171F704A009F125C /* InfoPlist.strings in Resources */,
			);
			runOnlyForDeploymentPostprocessing = 0;
		};
/* End PBXResourcesBuildPhase section */

/* Begin PBXShellScriptBuildPhase section */
		850904B0171F704A009F125C /* ShellScript */ = {
			isa = PBXShellScriptBuildPhase;
			buildActionMask = 2147483647;
			files = (
			);
			inputPaths = (
			);
			outputPaths = (
			);
			runOnlyForDeploymentPostprocessing = 0;
			shellPath = /bin/sh;
			shellScript = "# Run the unit tests in this test bundle.\n\"${SYSTEM_DEVELOPER_DIR}/Tools/RunUnitTests\"\n";
		};
/* End PBXShellScriptBuildPhase section */

/* Begin PBXSourcesBuildPhase section */
		8509048E171F7049009F125C /* Sources */ = {
			isa = PBXSourcesBuildPhase;
			buildActionMask = 2147483647;
			files = (
				850904A2171F704A009F125C /* main.m in Sources */,
				850904A6171F704A009F125C /* AppDelegate.m in Sources */,
				850904E9171F7869009F125C /* InteractViewController.m in Sources */,
				850904EE171F789E009F125C /* ClosetViewController.m in Sources */,
				850904F3171F78BE009F125C /* GamesViewController.m in Sources */,
				850904F8171F78D3009F125C /* StoreViewController.m in Sources */,
				85A4A513172F5B020034EED6 /* EatViewController.m in Sources */,
				85A4A51D172F63B70034EED6 /* WalkViewController.m in Sources */,
				85A4A522172F640A0034EED6 /* PlayViewController.m in Sources */,
				85A4A527172F643A0034EED6 /* PetViewController.m in Sources */,
				85E63E211734CDC10052A655 /* MatchingViewController.m in Sources */,
			);
			runOnlyForDeploymentPostprocessing = 0;
		};
		850904AD171F704A009F125C /* Sources */ = {
			isa = PBXSourcesBuildPhase;
			buildActionMask = 2147483647;
			files = (
				850904C1171F704A009F125C /* iPoochieTests.m in Sources */,
			);
			runOnlyForDeploymentPostprocessing = 0;
		};
/* End PBXSourcesBuildPhase section */

/* Begin PBXTargetDependency section */
		850904B8171F704A009F125C /* PBXTargetDependency */ = {
			isa = PBXTargetDependency;
			target = 85090491171F7049009F125C /* iPoochie */;
			targetProxy = 850904B7171F704A009F125C /* PBXContainerItemProxy */;
		};
/* End PBXTargetDependency section */

/* Begin PBXVariantGroup section */
		8509049E171F704A009F125C /* InfoPlist.strings */ = {
			isa = PBXVariantGroup;
			children = (
				8509049F171F704A009F125C /* en */,
			);
			name = InfoPlist.strings;
			sourceTree = "<group>";
		};
		850904BC171F704A009F125C /* InfoPlist.strings */ = {
			isa = PBXVariantGroup;
			children = (
				850904BD171F704A009F125C /* en */,
			);
			name = InfoPlist.strings;
			sourceTree = "<group>";
		};
/* End PBXVariantGroup section */

/* Begin XCBuildConfiguration section */
		850904C2171F704A009F125C /* Debug */ = {
			isa = XCBuildConfiguration;
			buildSettings = {
				ALWAYS_SEARCH_USER_PATHS = NO;
				CLANG_CXX_LANGUAGE_STANDARD = "gnu++0x";
				CLANG_CXX_LIBRARY = "libc++";
				CLANG_ENABLE_OBJC_ARC = YES;
				CLANG_WARN_CONSTANT_CONVERSION = YES;
				CLANG_WARN_EMPTY_BODY = YES;
				CLANG_WARN_ENUM_CONVERSION = YES;
				CLANG_WARN_INT_CONVERSION = YES;
				CLANG_WARN__DUPLICATE_METHOD_MATCH = YES;
				"CODE_SIGN_IDENTITY[sdk=iphoneos*]" = "iPhone Developer";
				COPY_PHASE_STRIP = NO;
				GCC_C_LANGUAGE_STANDARD = gnu99;
				GCC_DYNAMIC_NO_PIC = NO;
				GCC_OPTIMIZATION_LEVEL = 0;
				GCC_PREPROCESSOR_DEFINITIONS = (
					"DEBUG=1",
					"$(inherited)",
				);
				GCC_SYMBOLS_PRIVATE_EXTERN = NO;
				GCC_WARN_ABOUT_RETURN_TYPE = YES;
				GCC_WARN_UNINITIALIZED_AUTOS = YES;
				GCC_WARN_UNUSED_VARIABLE = YES;
				IPHONEOS_DEPLOYMENT_TARGET = 6.1;
				ONLY_ACTIVE_ARCH = YES;
				SDKROOT = iphoneos;
			};
			name = Debug;
		};
		850904C3171F704A009F125C /* Release */ = {
			isa = XCBuildConfiguration;
			buildSettings = {
				ALWAYS_SEARCH_USER_PATHS = NO;
				CLANG_CXX_LANGUAGE_STANDARD = "gnu++0x";
				CLANG_CXX_LIBRARY = "libc++";
				CLANG_ENABLE_OBJC_ARC = YES;
				CLANG_WARN_CONSTANT_CONVERSION = YES;
				CLANG_WARN_EMPTY_BODY = YES;
				CLANG_WARN_ENUM_CONVERSION = YES;
				CLANG_WARN_INT_CONVERSION = YES;
				CLANG_WARN__DUPLICATE_METHOD_MATCH = YES;
				"CODE_SIGN_IDENTITY[sdk=iphoneos*]" = "iPhone Developer";
				COPY_PHASE_STRIP = YES;
				GCC_C_LANGUAGE_STANDARD = gnu99;
				GCC_WARN_ABOUT_RETURN_TYPE = YES;
				GCC_WARN_UNINITIALIZED_AUTOS = YES;
				GCC_WARN_UNUSED_VARIABLE = YES;
				IPHONEOS_DEPLOYMENT_TARGET = 6.1;
				OTHER_CFLAGS = "-DNS_BLOCK_ASSERTIONS=1";
				SDKROOT = iphoneos;
				VALIDATE_PRODUCT = YES;
			};
			name = Release;
		};
		850904C5171F704A009F125C /* Debug */ = {
			isa = XCBuildConfiguration;
			buildSettings = {
				GCC_PRECOMPILE_PREFIX_HEADER = YES;
				GCC_PREFIX_HEADER = "iPoochie/iPoochie-Prefix.pch";
				INFOPLIST_FILE = "iPoochie/iPoochie-Info.plist";
				PRODUCT_NAME = "$(TARGET_NAME)";
				WRAPPER_EXTENSION = app;
			};
			name = Debug;
		};
		850904C6171F704A009F125C /* Release */ = {
			isa = XCBuildConfiguration;
			buildSettings = {
				GCC_PRECOMPILE_PREFIX_HEADER = YES;
				GCC_PREFIX_HEADER = "iPoochie/iPoochie-Prefix.pch";
				INFOPLIST_FILE = "iPoochie/iPoochie-Info.plist";
				PRODUCT_NAME = "$(TARGET_NAME)";
				WRAPPER_EXTENSION = app;
			};
			name = Release;
		};
		850904C8171F704A009F125C /* Debug */ = {
			isa = XCBuildConfiguration;
			buildSettings = {
				BUNDLE_LOADER = "$(BUILT_PRODUCTS_DIR)/iPoochie.app/iPoochie";
				FRAMEWORK_SEARCH_PATHS = (
					"\"$(SDKROOT)/Developer/Library/Frameworks\"",
					"\"$(DEVELOPER_LIBRARY_DIR)/Frameworks\"",
				);
				GCC_PRECOMPILE_PREFIX_HEADER = YES;
				GCC_PREFIX_HEADER = "iPoochie/iPoochie-Prefix.pch";
				INFOPLIST_FILE = "iPoochieTests/iPoochieTests-Info.plist";
				PRODUCT_NAME = "$(TARGET_NAME)";
				TEST_HOST = "$(BUNDLE_LOADER)";
				WRAPPER_EXTENSION = octest;
			};
			name = Debug;
		};
		850904C9171F704A009F125C /* Release */ = {
			isa = XCBuildConfiguration;
			buildSettings = {
				BUNDLE_LOADER = "$(BUILT_PRODUCTS_DIR)/iPoochie.app/iPoochie";
				FRAMEWORK_SEARCH_PATHS = (
					"\"$(SDKROOT)/Developer/Library/Frameworks\"",
					"\"$(DEVELOPER_LIBRARY_DIR)/Frameworks\"",
				);
				GCC_PRECOMPILE_PREFIX_HEADER = YES;
				GCC_PREFIX_HEADER = "iPoochie/iPoochie-Prefix.pch";
				INFOPLIST_FILE = "iPoochieTests/iPoochieTests-Info.plist";
				PRODUCT_NAME = "$(TARGET_NAME)";
				TEST_HOST = "$(BUNDLE_LOADER)";
				WRAPPER_EXTENSION = octest;
			};
			name = Release;
		};
/* End XCBuildConfiguration section */

/* Begin XCConfigurationList section */
		8509048D171F7049009F125C /* Build configuration list for PBXProject "iPoochie" */ = {
			isa = XCConfigurationList;
			buildConfigurations = (
				850904C2171F704A009F125C /* Debug */,
				850904C3171F704A009F125C /* Release */,
			);
			defaultConfigurationIsVisible = 0;
			defaultConfigurationName = Release;
		};
		850904C4171F704A009F125C /* Build configuration list for PBXNativeTarget "iPoochie" */ = {
			isa = XCConfigurationList;
			buildConfigurations = (
				850904C5171F704A009F125C /* Debug */,
				850904C6171F704A009F125C /* Release */,
			);
			defaultConfigurationIsVisible = 0;
			defaultConfigurationName = Release;
		};
		850904C7171F704A009F125C /* Build configuration list for PBXNativeTarget "iPoochieTests" */ = {
			isa = XCConfigurationList;
			buildConfigurations = (
				850904C8171F704A009F125C /* Debug */,
				850904C9171F704A009F125C /* Release */,
			);
			defaultConfigurationIsVisible = 0;
			defaultConfigurationName = Release;
		};
/* End XCConfigurationList section */
	};
	rootObject = 8509048A171F7049009F125C /* Project object */;
}
