// !$*UTF8*$!
{
	archiveVersion = 1;
	classes = {
	};
	objectVersion = 46;
	objects = {

/* Begin PBXBuildFile section */
		85090496171F704A009F125C /* UIKit.framework in Frameworks */ = {isa = PBXBuildFile; fileRef = 85090495171F704A009F125C /* UIKit.framework */; };
		85090498171F704A009F125C /* Foundation.framework in Frameworks */ = {isa = PBXBuildFile; fileRef = 85090497171F704A009F125C /* Foundation.framework */; };
		8509049A171F704A009F125C /* CoreGraphics.framework in Frameworks */ = {isa = PBXBuildFile; fileRef = 85090499171F704A009F125C /* CoreGraphics.framework */; };
		850904A0171F704A009F125C /* InfoPlist.strings in Resources */ = {isa = PBXBuildFile; fileRef = 8509049E171F704A009F125C /* InfoPlist.strings */; };
		850904A2171F704A009F125C /* main.m in Sources */ = {isa = PBXBuildFile; fileRef = 850904A1171F704A009F125C /* main.m */; };
		850904A6171F704A009F125C /* AppDelegate.m in Sources */ = {isa = PBXBuildFile; fileRef = 850904A5171F704A009F125C /* AppDelegate.m */; };
		850904A8171F704A009F125C /* Default.png in Resources */ = {isa = PBXBuildFile; fileRef = 850904A7171F704A009F125C /* Default.png */; };
		850904AA171F704A009F125C /* Default@2x.png in Resources */ = {isa = PBXBuildFile; fileRef = 850904A9171F704A009F125C /* Default@2x.png */; };
		850904AC171F704A009F125C /* Default-568h@2x.png in Resources */ = {isa = PBXBuildFile; fileRef = 850904AB171F704A009F125C /* Default-568h@2x.png */; };
		850904B4171F704A009F125C /* SenTestingKit.framework in Frameworks */ = {isa = PBXBuildFile; fileRef = 850904B3171F704A009F125C /* SenTestingKit.framework */; };
		850904B5171F704A009F125C /* UIKit.framework in Frameworks */ = {isa = PBXBuildFile; fileRef = 85090495171F704A009F125C /* UIKit.framework */; };
		850904B6171F704A009F125C /* Foundation.framework in Frameworks */ = {isa = PBXBuildFile; fileRef = 85090497171F704A009F125C /* Foundation.framework */; };
		850904BE171F704A009F125C /* InfoPlist.strings in Resources */ = {isa = PBXBuildFile; fileRef = 850904BC171F704A009F125C /* InfoPlist.strings */; };
		850904C1171F704A009F125C /* iPoochieTests.m in Sources */ = {isa = PBXBuildFile; fileRef = 850904C0171F704A009F125C /* iPoochieTests.m */; };
		850904DD171F7323009F125C /* TabBarController.xib in Resources */ = {isa = PBXBuildFile; fileRef = 850904DC171F7323009F125C /* TabBarController.xib */; };
		850904E9171F7869009F125C /* InteractViewController.m in Sources */ = {isa = PBXBuildFile; fileRef = 850904E7171F7869009F125C /* InteractViewController.m */; };
		850904EA171F7869009F125C /* InteractViewController.xib in Resources */ = {isa = PBXBuildFile; fileRef = 850904E8171F7869009F125C /* InteractViewController.xib */; };
		850904EE171F789E009F125C /* ClosetViewController.m in Sources */ = {isa = PBXBuildFile; fileRef = 850904EC171F789E009F125C /* ClosetViewController.m */; };
		850904EF171F789E009F125C /* ClosetViewController.xib in Resources */ = {isa = PBXBuildFile; fileRef = 850904ED171F789E009F125C /* ClosetViewController.xib */; };
		850904F3171F78BE009F125C /* GamesViewController.m in Sources */ = {isa = PBXBuildFile; fileRef = 850904F1171F78BE009F125C /* GamesViewController.m */; };
		850904F4171F78BE009F125C /* GamesViewController.xib in Resources */ = {isa = PBXBuildFile; fileRef = 850904F2171F78BE009F125C /* GamesViewController.xib */; };
		850904F8171F78D3009F125C /* StoreViewController.m in Sources */ = {isa = PBXBuildFile; fileRef = 850904F6171F78D3009F125C /* StoreViewController.m */; };
		850904F9171F78D3009F125C /* StoreViewController.xib in Resources */ = {isa = PBXBuildFile; fileRef = 850904F7171F78D3009F125C /* StoreViewController.xib */; };
		8509050C17259EA6009F125C /* items.plist in Resources */ = {isa = PBXBuildFile; fileRef = 8509050B17259EA6009F125C /* items.plist */; };
		85A4A430172911FD0034EED6 /* game.plist in Resources */ = {isa = PBXBuildFile; fileRef = 85A4A42F172911FD0034EED6 /* game.plist */; };
		85A4A46F172D2A030034EED6 /* bars1.png in Resources */ = {isa = PBXBuildFile; fileRef = 85A4A465172D2A030034EED6 /* bars1.png */; };
		85A4A470172D2A030034EED6 /* bars2.png in Resources */ = {isa = PBXBuildFile; fileRef = 85A4A466172D2A030034EED6 /* bars2.png */; };
		85A4A471172D2A030034EED6 /* bars3.png in Resources */ = {isa = PBXBuildFile; fileRef = 85A4A467172D2A030034EED6 /* bars3.png */; };
		85A4A472172D2A030034EED6 /* bars4.png in Resources */ = {isa = PBXBuildFile; fileRef = 85A4A468172D2A030034EED6 /* bars4.png */; };
		85A4A473172D2A030034EED6 /* bars5.png in Resources */ = {isa = PBXBuildFile; fileRef = 85A4A469172D2A030034EED6 /* bars5.png */; };
		85A4A474172D2A030034EED6 /* bars6.png in Resources */ = {isa = PBXBuildFile; fileRef = 85A4A46A172D2A030034EED6 /* bars6.png */; };
		85A4A475172D2A030034EED6 /* bars7.png in Resources */ = {isa = PBXBuildFile; fileRef = 85A4A46B172D2A030034EED6 /* bars7.png */; };
		85A4A476172D2A030034EED6 /* bars8.png in Resources */ = {isa = PBXBuildFile; fileRef = 85A4A46C172D2A030034EED6 /* bars8.png */; };
		85A4A477172D2A030034EED6 /* bars9.png in Resources */ = {isa = PBXBuildFile; fileRef = 85A4A46D172D2A030034EED6 /* bars9.png */; };
		85A4A478172D2A030034EED6 /* bars10.png in Resources */ = {isa = PBXBuildFile; fileRef = 85A4A46E172D2A030034EED6 /* bars10.png */; };
		85A4A47C172D3A540034EED6 /* treat.png in Resources */ = {isa = PBXBuildFile; fileRef = 85A4A47B172D3A540034EED6 /* treat.png */; };
		85A4A47E172D3A650034EED6 /* chow.png in Resources */ = {isa = PBXBuildFile; fileRef = 85A4A47D172D3A650034EED6 /* chow.png */; };
		85A4A480172D3A830034EED6 /* closet_icon.png in Resources */ = {isa = PBXBuildFile; fileRef = 85A4A47F172D3A830034EED6 /* closet_icon.png */; };
		85A4A482172D3A8C0034EED6 /* games_icon.png in Resources */ = {isa = PBXBuildFile; fileRef = 85A4A481172D3A8C0034EED6 /* games_icon.png */; };
		85A4A484172D3A970034EED6 /* stores_icon.png in Resources */ = {isa = PBXBuildFile; fileRef = 85A4A483172D3A970034EED6 /* stores_icon.png */; };
		85A4A486172D3AA90034EED6 /* interact_icon.png in Resources */ = {isa = PBXBuildFile; fileRef = 85A4A485172D3AA90034EED6 /* interact_icon.png */; };
		85A4A488172D3AE00034EED6 /* paws.png in Resources */ = {isa = PBXBuildFile; fileRef = 85A4A487172D3AE00034EED6 /* paws.png */; };
		85A4A48A172D3B140034EED6 /* icon@2x.png in Resources */ = {isa = PBXBuildFile; fileRef = 85A4A489172D3B140034EED6 /* icon@2x.png */; };
		85A4A48C172D3B5B0034EED6 /* brightGreenButton.png in Resources */ = {isa = PBXBuildFile; fileRef = 85A4A48B172D3B5B0034EED6 /* brightGreenButton.png */; };
/* End PBXBuildFile section */

/* Begin PBXContainerItemProxy section */
		850904B7171F704A009F125C /* PBXContainerItemProxy */ = {
			isa = PBXContainerItemProxy;
			containerPortal = 8509048A171F7049009F125C /* Project object */;
			proxyType = 1;
			remoteGlobalIDString = 85090491171F7049009F125C;
			remoteInfo = iPoochie;
		};
/* End PBXContainerItemProxy section */

/* Begin PBXFileReference section */
		85090492171F7049009F125C /* iPoochie.app */ = {isa = PBXFileReference; explicitFileType = wrapper.application; includeInIndex = 0; path = iPoochie.app; sourceTree = BUILT_PRODUCTS_DIR; };
		85090495171F704A009F125C /* UIKit.framework */ = {isa = PBXFileReference; lastKnownFileType = wrapper.framework; name = UIKit.framework; path = System/Library/Frameworks/UIKit.framework; sourceTree = SDKROOT; };
		85090497171F704A009F125C /* Foundation.framework */ = {isa = PBXFileReference; lastKnownFileType = wrapper.framework; name = Foundation.framework; path = System/Library/Frameworks/Foundation.framework; sourceTree = SDKROOT; };
		85090499171F704A009F125C /* CoreGraphics.framework */ = {isa = PBXFileReference; lastKnownFileType = wrapper.framework; name = CoreGraphics.framework; path = System/Library/Frameworks/CoreGraphics.framework; sourceTree = SDKROOT; };
		8509049D171F704A009F125C /* iPoochie-Info.plist */ = {isa = PBXFileReference; lastKnownFileType = text.plist.xml; path = "iPoochie-Info.plist"; sourceTree = "<group>"; };
		8509049F171F704A009F125C /* en */ = {isa = PBXFileReference; lastKnownFileType = text.plist.strings; name = en; path = en.lproj/InfoPlist.strings; sourceTree = "<group>"; };
		850904A1171F704A009F125C /* main.m */ = {isa = PBXFileReference; lastKnownFileType = sourcecode.c.objc; path = main.m; sourceTree = "<group>"; };
		850904A3171F704A009F125C /* iPoochie-Prefix.pch */ = {isa = PBXFileReference; lastKnownFileType = sourcecode.c.h; path = "iPoochie-Prefix.pch"; sourceTree = "<group>"; };
		850904A4171F704A009F125C /* AppDelegate.h */ = {isa = PBXFileReference; lastKnownFileType = sourcecode.c.h; path = AppDelegate.h; sourceTree = "<group>"; };
		850904A5171F704A009F125C /* AppDelegate.m */ = {isa = PBXFileReference; lastKnownFileType = sourcecode.c.objc; path = AppDelegate.m; sourceTree = "<group>"; };
		850904A7171F704A009F125C /* Default.png */ = {isa = PBXFileReference; lastKnownFileType = image.png; path = Default.png; sourceTree = "<group>"; };
		850904A9171F704A009F125C /* Default@2x.png */ = {isa = PBXFileReference; lastKnownFileType = image.png; path = "Default@2x.png"; sourceTree = "<group>"; };
		850904AB171F704A009F125C /* Default-568h@2x.png */ = {isa = PBXFileReference; lastKnownFileType = image.png; path = "Default-568h@2x.png"; sourceTree = "<group>"; };
		850904B2171F704A009F125C /* iPoochieTests.octest */ = {isa = PBXFileReference; explicitFileType = wrapper.cfbundle; includeInIndex = 0; path = iPoochieTests.octest; sourceTree = BUILT_PRODUCTS_DIR; };
		850904B3171F704A009F125C /* SenTestingKit.framework */ = {isa = PBXFileReference; lastKnownFileType = wrapper.framework; name = SenTestingKit.framework; path = Library/Frameworks/SenTestingKit.framework; sourceTree = DEVELOPER_DIR; };
		850904BB171F704A009F125C /* iPoochieTests-Info.plist */ = {isa = PBXFileReference; lastKnownFileType = text.plist.xml; path = "iPoochieTests-Info.plist"; sourceTree = "<group>"; };
		850904BD171F704A009F125C /* en */ = {isa = PBXFileReference; lastKnownFileType = text.plist.strings; name = en; path = en.lproj/InfoPlist.strings; sourceTree = "<group>"; };
		850904BF171F704A009F125C /* iPoochieTests.h */ = {isa = PBXFileReference; lastKnownFileType = sourcecode.c.h; path = iPoochieTests.h; sourceTree = "<group>"; };
		850904C0171F704A009F125C /* iPoochieTests.m */ = {isa = PBXFileReference; lastKnownFileType = sourcecode.c.objc; path = iPoochieTests.m; sourceTree = "<group>"; };
		850904DC171F7323009F125C /* TabBarController.xib */ = {isa = PBXFileReference; fileEncoding = 4; lastKnownFileType = file.xib; name = TabBarController.xib; path = ../TabBarController.xib; sourceTree = "<group>"; };
		850904E6171F7869009F125C /* InteractViewController.h */ = {isa = PBXFileReference; fileEncoding = 4; lastKnownFileType = sourcecode.c.h; path = InteractViewController.h; sourceTree = "<group>"; };
		850904E7171F7869009F125C /* InteractViewController.m */ = {isa = PBXFileReference; fileEncoding = 4; lastKnownFileType = sourcecode.c.objc; path = InteractViewController.m; sourceTree = "<group>"; };
		850904E8171F7869009F125C /* InteractViewController.xib */ = {isa = PBXFileReference; fileEncoding = 4; lastKnownFileType = file.xib; path = InteractViewController.xib; sourceTree = "<group>"; };
		850904EB171F789E009F125C /* ClosetViewController.h */ = {isa = PBXFileReference; fileEncoding = 4; lastKnownFileType = sourcecode.c.h; name = ClosetViewController.h; path = ../ClosetViewController.h; sourceTree = "<group>"; };
		850904EC171F789E009F125C /* ClosetViewController.m */ = {isa = PBXFileReference; fileEncoding = 4; lastKnownFileType = sourcecode.c.objc; name = ClosetViewController.m; path = ../ClosetViewController.m; sourceTree = "<group>"; };
		850904ED171F789E009F125C /* ClosetViewController.xib */ = {isa = PBXFileReference; fileEncoding = 4; lastKnownFileType = file.xib; name = ClosetViewController.xib; path = ../ClosetViewController.xib; sourceTree = "<group>"; };
		850904F0171F78BD009F125C /* GamesViewController.h */ = {isa = PBXFileReference; fileEncoding = 4; lastKnownFileType = sourcecode.c.h; name = GamesViewController.h; path = ../GamesViewController.h; sourceTree = "<group>"; };
		850904F1171F78BE009F125C /* GamesViewController.m */ = {isa = PBXFileReference; fileEncoding = 4; lastKnownFileType = sourcecode.c.objc; name = GamesViewController.m; path = ../GamesViewController.m; sourceTree = "<group>"; };
		850904F2171F78BE009F125C /* GamesViewController.xib */ = {isa = PBXFileReference; fileEncoding = 4; lastKnownFileType = file.xib; name = GamesViewController.xib; path = ../GamesViewController.xib; sourceTree = "<group>"; };
		850904F5171F78D3009F125C /* StoreViewController.h */ = {isa = PBXFileReference; fileEncoding = 4; lastKnownFileType = sourcecode.c.h; name = StoreViewController.h; path = ../StoreViewController.h; sourceTree = "<group>"; };
		850904F6171F78D3009F125C /* StoreViewController.m */ = {isa = PBXFileReference; fileEncoding = 4; lastKnownFileType = sourcecode.c.objc; name = StoreViewController.m; path = ../StoreViewController.m; sourceTree = "<group>"; };
		850904F7171F78D3009F125C /* StoreViewController.xib */ = {isa = PBXFileReference; fileEncoding = 4; lastKnownFileType = file.xib; name = StoreViewController.xib; path = ../StoreViewController.xib; sourceTree = "<group>"; };
		8509050B17259EA6009F125C /* items.plist */ = {isa = PBXFileReference; fileEncoding = 4; lastKnownFileType = text.plist.xml; name = items.plist; path = ../items.plist; sourceTree = "<group>"; };
		85A4A42F172911FD0034EED6 /* game.plist */ = {isa = PBXFileReference; fileEncoding = 4; lastKnownFileType = text.plist.xml; path = game.plist; sourceTree = "<group>"; };
		85A4A465172D2A030034EED6 /* bars1.png */ = {isa = PBXFileReference; lastKnownFileType = image.png; path = bars1.png; sourceTree = "<group>"; };
		85A4A466172D2A030034EED6 /* bars2.png */ = {isa = PBXFileReference; lastKnownFileType = image.png; path = bars2.png; sourceTree = "<group>"; };
		85A4A467172D2A030034EED6 /* bars3.png */ = {isa = PBXFileReference; lastKnownFileType = image.png; path = bars3.png; sourceTree = "<group>"; };
		85A4A468172D2A030034EED6 /* bars4.png */ = {isa = PBXFileReference; lastKnownFileType = image.png; path = bars4.png; sourceTree = "<group>"; };
		85A4A469172D2A030034EED6 /* bars5.png */ = {isa = PBXFileReference; lastKnownFileType = image.png; path = bars5.png; sourceTree = "<group>"; };
		85A4A46A172D2A030034EED6 /* bars6.png */ = {isa = PBXFileReference; lastKnownFileType = image.png; path = bars6.png; sourceTree = "<group>"; };
		85A4A46B172D2A030034EED6 /* bars7.png */ = {isa = PBXFileReference; lastKnownFileType = image.png; path = bars7.png; sourceTree = "<group>"; };
		85A4A46C172D2A030034EED6 /* bars8.png */ = {isa = PBXFileReference; lastKnownFileType = image.png; path = bars8.png; sourceTree = "<group>"; };
		85A4A46D172D2A030034EED6 /* bars9.png */ = {isa = PBXFileReference; lastKnownFileType = image.png; path = bars9.png; sourceTree = "<group>"; };
		85A4A46E172D2A030034EED6 /* bars10.png */ = {isa = PBXFileReference; lastKnownFileType = image.png; path = bars10.png; sourceTree = "<group>"; };
		85A4A47B172D3A540034EED6 /* treat.png */ = {isa = PBXFileReference; lastKnownFileType = image.png; path = treat.png; sourceTree = "<group>"; };
		85A4A47D172D3A650034EED6 /* chow.png */ = {isa = PBXFileReference; lastKnownFileType = image.png; path = chow.png; sourceTree = "<group>"; };
		85A4A47F172D3A830034EED6 /* closet_icon.png */ = {isa = PBXFileReference; lastKnownFileType = image.png; path = closet_icon.png; sourceTree = "<group>"; };
		85A4A481172D3A8C0034EED6 /* games_icon.png */ = {isa = PBXFileReference; lastKnownFileType = image.png; path = games_icon.png; sourceTree = "<group>"; };
		85A4A483172D3A970034EED6 /* stores_icon.png */ = {isa = PBXFileReference; lastKnownFileType = image.png; path = stores_icon.png; sourceTree = "<group>"; };
		85A4A485172D3AA90034EED6 /* interact_icon.png */ = {isa = PBXFileReference; lastKnownFileType = image.png; path = interact_icon.png; sourceTree = "<group>"; };
		85A4A487172D3AE00034EED6 /* paws.png */ = {isa = PBXFileReference; lastKnownFileType = image.png; path = paws.png; sourceTree = "<group>"; };
		85A4A489172D3B140034EED6 /* icon@2x.png */ = {isa = PBXFileReference; lastKnownFileType = image.png; path = "icon@2x.png"; sourceTree = "<group>"; };
		85A4A48B172D3B5B0034EED6 /* brightGreenButton.png */ = {isa = PBXFileReference; lastKnownFileType = image.png; path = brightGreenButton.png; sourceTree = "<group>"; };
/* End PBXFileReference section */

/* Begin PBXFrameworksBuildPhase section */
		8509048F171F7049009F125C /* Frameworks */ = {
			isa = PBXFrameworksBuildPhase;
			buildActionMask = 2147483647;
			files = (
				85090496171F704A009F125C /* UIKit.framework in Frameworks */,
				85090498171F704A009F125C /* Foundation.framework in Frameworks */,
				8509049A171F704A009F125C /* CoreGraphics.framework in Frameworks */,
			);
			runOnlyForDeploymentPostprocessing = 0;
		};
		850904AE171F704A009F125C /* Frameworks */ = {
			isa = PBXFrameworksBuildPhase;
			buildActionMask = 2147483647;
			files = (
				850904B4171F704A009F125C /* SenTestingKit.framework in Frameworks */,
				850904B5171F704A009F125C /* UIKit.framework in Frameworks */,
				850904B6171F704A009F125C /* Foundation.framework in Frameworks */,
			);
			runOnlyForDeploymentPostprocessing = 0;
		};
/* End PBXFrameworksBuildPhase section */

/* Begin PBXGroup section */
		85090489171F7049009F125C = {
			isa = PBXGroup;
			children = (
				8509049B171F704A009F125C /* iPoochie */,
				850904B9171F704A009F125C /* iPoochieTests */,
				85090494171F7049009F125C /* Frameworks */,
				85090493171F7049009F125C /* Products */,
			);
			sourceTree = "<group>";
		};
		85090493171F7049009F125C /* Products */ = {
			isa = PBXGroup;
			children = (
				85090492171F7049009F125C /* iPoochie.app */,
				850904B2171F704A009F125C /* iPoochieTests.octest */,
			);
			name = Products;
			sourceTree = "<group>";
		};
		85090494171F7049009F125C /* Frameworks */ = {
			isa = PBXGroup;
			children = (
				85090495171F704A009F125C /* UIKit.framework */,
				85090497171F704A009F125C /* Foundation.framework */,
				85090499171F704A009F125C /* CoreGraphics.framework */,
				850904B3171F704A009F125C /* SenTestingKit.framework */,
			);
			name = Frameworks;
			sourceTree = "<group>";
		};
		8509049B171F704A009F125C /* iPoochie */ = {
			isa = PBXGroup;
			children = (
				850904CE171F713E009F125C /* Images */,
				850904CF171F7149009F125C /* Sounds */,
				850904CD171F7127009F125C /* View Controllers */,
				850904A4171F704A009F125C /* AppDelegate.h */,
				850904A5171F704A009F125C /* AppDelegate.m */,
				8509049C171F704A009F125C /* Supporting Files */,
			);
			path = iPoochie;
			sourceTree = "<group>";
		};
		8509049C171F704A009F125C /* Supporting Files */ = {
			isa = PBXGroup;
			children = (
				8509050B17259EA6009F125C /* items.plist */,
				85A4A42F172911FD0034EED6 /* game.plist */,
				850904DC171F7323009F125C /* TabBarController.xib */,
				8509049D171F704A009F125C /* iPoochie-Info.plist */,
				8509049E171F704A009F125C /* InfoPlist.strings */,
				850904A1171F704A009F125C /* main.m */,
				850904A3171F704A009F125C /* iPoochie-Prefix.pch */,
				850904A7171F704A009F125C /* Default.png */,
				850904A9171F704A009F125C /* Default@2x.png */,
				850904AB171F704A009F125C /* Default-568h@2x.png */,
			);
			name = "Supporting Files";
			sourceTree = "<group>";
		};
		850904B9171F704A009F125C /* iPoochieTests */ = {
			isa = PBXGroup;
			children = (
				850904BF171F704A009F125C /* iPoochieTests.h */,
				850904C0171F704A009F125C /* iPoochieTests.m */,
				850904BA171F704A009F125C /* Supporting Files */,
			);
			path = iPoochieTests;
			sourceTree = "<group>";
		};
		850904BA171F704A009F125C /* Supporting Files */ = {
			isa = PBXGroup;
			children = (
				850904BB171F704A009F125C /* iPoochieTests-Info.plist */,
				850904BC171F704A009F125C /* InfoPlist.strings */,
			);
			name = "Supporting Files";
			sourceTree = "<group>";
		};
		850904CD171F7127009F125C /* View Controllers */ = {
			isa = PBXGroup;
			children = (
				850904EB171F789E009F125C /* ClosetViewController.h */,
				850904EC171F789E009F125C /* ClosetViewController.m */,
				850904ED171F789E009F125C /* ClosetViewController.xib */,
				850904F0171F78BD009F125C /* GamesViewController.h */,
				850904F1171F78BE009F125C /* GamesViewController.m */,
				850904F2171F78BE009F125C /* GamesViewController.xib */,
				850904E6171F7869009F125C /* InteractViewController.h */,
				850904E7171F7869009F125C /* InteractViewController.m */,
				850904E8171F7869009F125C /* InteractViewController.xib */,
				850904F5171F78D3009F125C /* StoreViewController.h */,
				850904F6171F78D3009F125C /* StoreViewController.m */,
				850904F7171F78D3009F125C /* StoreViewController.xib */,
			);
			name = "View Controllers";
			sourceTree = "<group>";
		};
		850904CE171F713E009F125C /* Images */ = {
			isa = PBXGroup;
			children = (
				85A4A43C172D1A0D0034EED6 /* Bars */,
				85A4A43517294A200034EED6 /* Backgrounds */,
				85A4A432172949B50034EED6 /* Buttons */,
				85A4A431172949A00034EED6 /* Icons */,
				85090502171FD337009F125C /* Pet Items */,
			);
			name = Images;
			sourceTree = "<group>";
		};
		850904CF171F7149009F125C /* Sounds */ = {
			isa = PBXGroup;
			children = (
			);
			name = Sounds;
			sourceTree = "<group>";
		};
		85090502171FD337009F125C /* Pet Items */ = {
			isa = PBXGroup;
			children = (
				85A4A47D172D3A650034EED6 /* chow.png */,
				85A4A47B172D3A540034EED6 /* treat.png */,
			);
			name = "Pet Items";
			sourceTree = "<group>";
		};
		85A4A431172949A00034EED6 /* Icons */ = {
			isa = PBXGroup;
			children = (
				85A4A489172D3B140034EED6 /* icon@2x.png */,
				85A4A485172D3AA90034EED6 /* interact_icon.png */,
				85A4A483172D3A970034EED6 /* stores_icon.png */,
				85A4A481172D3A8C0034EED6 /* games_icon.png */,
				85A4A47F172D3A830034EED6 /* closet_icon.png */,
			);
			name = Icons;
			sourceTree = "<group>";
		};
		85A4A432172949B50034EED6 /* Buttons */ = {
			isa = PBXGroup;
			children = (
				85A4A48B172D3B5B0034EED6 /* brightGreenButton.png */,
			);
			name = Buttons;
			sourceTree = "<group>";
		};
		85A4A43517294A200034EED6 /* Backgrounds */ = {
			isa = PBXGroup;
			children = (
				85A4A487172D3AE00034EED6 /* paws.png */,
			);
			name = Backgrounds;
			sourceTree = "<group>";
		};
		85A4A43C172D1A0D0034EED6 /* Bars */ = {
			isa = PBXGroup;
			children = (
				85A4A465172D2A030034EED6 /* bars1.png */,
				85A4A466172D2A030034EED6 /* bars2.png */,
				85A4A467172D2A030034EED6 /* bars3.png */,
				85A4A468172D2A030034EED6 /* bars4.png */,
				85A4A469172D2A030034EED6 /* bars5.png */,
				85A4A46A172D2A030034EED6 /* bars6.png */,
				85A4A46B172D2A030034EED6 /* bars7.png */,
				85A4A46C172D2A030034EED6 /* bars8.png */,
				85A4A46D172D2A030034EED6 /* bars9.png */,
				85A4A46E172D2A030034EED6 /* bars10.png */,
			);
			name = Bars;
			sourceTree = "<group>";
		};
/* End PBXGroup section */

/* Begin PBXNativeTarget section */
		85090491171F7049009F125C /* iPoochie */ = {
			isa = PBXNativeTarget;
			buildConfigurationList = 850904C4171F704A009F125C /* Build configuration list for PBXNativeTarget "iPoochie" */;
			buildPhases = (
				8509048E171F7049009F125C /* Sources */,
				8509048F171F7049009F125C /* Frameworks */,
				85090490171F7049009F125C /* Resources */,
			);
			buildRules = (
			);
			dependencies = (
			);
			name = iPoochie;
			productName = iPoochie;
			productReference = 85090492171F7049009F125C /* iPoochie.app */;
			productType = "com.apple.product-type.application";
		};
		850904B1171F704A009F125C /* iPoochieTests */ = {
			isa = PBXNativeTarget;
			buildConfigurationList = 850904C7171F704A009F125C /* Build configuration list for PBXNativeTarget "iPoochieTests" */;
			buildPhases = (
				850904AD171F704A009F125C /* Sources */,
				850904AE171F704A009F125C /* Frameworks */,
				850904AF171F704A009F125C /* Resources */,
				850904B0171F704A009F125C /* ShellScript */,
			);
			buildRules = (
			);
			dependencies = (
				850904B8171F704A009F125C /* PBXTargetDependency */,
			);
			name = iPoochieTests;
			productName = iPoochieTests;
			productReference = 850904B2171F704A009F125C /* iPoochieTests.octest */;
			productType = "com.apple.product-type.bundle";
		};
/* End PBXNativeTarget section */

/* Begin PBXProject section */
		8509048A171F7049009F125C /* Project object */ = {
			isa = PBXProject;
			attributes = {
				LastUpgradeCheck = 0460;
				ORGANIZATIONNAME = NYU;
			};
			buildConfigurationList = 8509048D171F7049009F125C /* Build configuration list for PBXProject "iPoochie" */;
			compatibilityVersion = "Xcode 3.2";
			developmentRegion = English;
			hasScannedForEncodings = 0;
			knownRegions = (
				en,
			);
			mainGroup = 85090489171F7049009F125C;
			productRefGroup = 85090493171F7049009F125C /* Products */;
			projectDirPath = "";
			projectRoot = "";
			targets = (
				85090491171F7049009F125C /* iPoochie */,
				850904B1171F704A009F125C /* iPoochieTests */,
			);
		};
/* End PBXProject section */

/* Begin PBXResourcesBuildPhase section */
		85090490171F7049009F125C /* Resources */ = {
			isa = PBXResourcesBuildPhase;
			buildActionMask = 2147483647;
			files = (
				850904A0171F704A009F125C /* InfoPlist.strings in Resources */,
				850904A8171F704A009F125C /* Default.png in Resources */,
				850904AA171F704A009F125C /* Default@2x.png in Resources */,
				850904AC171F704A009F125C /* Default-568h@2x.png in Resources */,
				850904DD171F7323009F125C /* TabBarController.xib in Resources */,
				850904EA171F7869009F125C /* InteractViewController.xib in Resources */,
				850904EF171F789E009F125C /* ClosetViewController.xib in Resources */,
				850904F4171F78BE009F125C /* GamesViewController.xib in Resources */,
				850904F9171F78D3009F125C /* StoreViewController.xib in Resources */,
				8509050C17259EA6009F125C /* items.plist in Resources */,
				85A4A430172911FD0034EED6 /* game.plist in Resources */,
				85A4A46F172D2A030034EED6 /* bars1.png in Resources */,
				85A4A470172D2A030034EED6 /* bars2.png in Resources */,
				85A4A471172D2A030034EED6 /* bars3.png in Resources */,
				85A4A472172D2A030034EED6 /* bars4.png in Resources */,
				85A4A473172D2A030034EED6 /* bars5.png in Resources */,
				85A4A474172D2A030034EED6 /* bars6.png in Resources */,
				85A4A475172D2A030034EED6 /* bars7.png in Resources */,
				85A4A476172D2A030034EED6 /* bars8.png in Resources */,
				85A4A477172D2A030034EED6 /* bars9.png in Resources */,
				85A4A478172D2A030034EED6 /* bars10.png in Resources */,
				85A4A47C172D3A540034EED6 /* treat.png in Resources */,
				85A4A47E172D3A650034EED6 /* chow.png in Resources */,
				85A4A480172D3A830034EED6 /* closet_icon.png in Resources */,
				85A4A482172D3A8C0034EED6 /* games_icon.png in Resources */,
				85A4A484172D3A970034EED6 /* stores_icon.png in Resources */,
				85A4A486172D3AA90034EED6 /* interact_icon.png in Resources */,
				85A4A488172D3AE00034EED6 /* paws.png in Resources */,
				85A4A48A172D3B140034EED6 /* icon@2x.png in Resources */,
				85A4A48C172D3B5B0034EED6 /* brightGreenButton.png in Resources */,
			);
			runOnlyForDeploymentPostprocessing = 0;
		};
		850904AF171F704A009F125C /* Resources */ = {
			isa = PBXResourcesBuildPhase;
			buildActionMask = 2147483647;
			files = (
				850904BE171F704A009F125C /* InfoPlist.strings in Resources */,
			);
			runOnlyForDeploymentPostprocessing = 0;
		};
/* End PBXResourcesBuildPhase section */

/* Begin PBXShellScriptBuildPhase section */
		850904B0171F704A009F125C /* ShellScript */ = {
			isa = PBXShellScriptBuildPhase;
			buildActionMask = 2147483647;
			files = (
			);
			inputPaths = (
			);
			outputPaths = (
			);
			runOnlyForDeploymentPostprocessing = 0;
			shellPath = /bin/sh;
			shellScript = "# Run the unit tests in this test bundle.\n\"${SYSTEM_DEVELOPER_DIR}/Tools/RunUnitTests\"\n";
		};
/* End PBXShellScriptBuildPhase section */

/* Begin PBXSourcesBuildPhase section */
		8509048E171F7049009F125C /* Sources */ = {
			isa = PBXSourcesBuildPhase;
			buildActionMask = 2147483647;
			files = (
				850904A2171F704A009F125C /* main.m in Sources */,
				850904A6171F704A009F125C /* AppDelegate.m in Sources */,
				850904E9171F7869009F125C /* InteractViewController.m in Sources */,
				850904EE171F789E009F125C /* ClosetViewController.m in Sources */,
				850904F3171F78BE009F125C /* GamesViewController.m in Sources */,
				850904F8171F78D3009F125C /* StoreViewController.m in Sources */,
			);
			runOnlyForDeploymentPostprocessing = 0;
		};
		850904AD171F704A009F125C /* Sources */ = {
			isa = PBXSourcesBuildPhase;
			buildActionMask = 2147483647;
			files = (
				850904C1171F704A009F125C /* iPoochieTests.m in Sources */,
			);
			runOnlyForDeploymentPostprocessing = 0;
		};
/* End PBXSourcesBuildPhase section */

/* Begin PBXTargetDependency section */
		850904B8171F704A009F125C /* PBXTargetDependency */ = {
			isa = PBXTargetDependency;
			target = 85090491171F7049009F125C /* iPoochie */;
			targetProxy = 850904B7171F704A009F125C /* PBXContainerItemProxy */;
		};
/* End PBXTargetDependency section */

/* Begin PBXVariantGroup section */
		8509049E171F704A009F125C /* InfoPlist.strings */ = {
			isa = PBXVariantGroup;
			children = (
				8509049F171F704A009F125C /* en */,
			);
			name = InfoPlist.strings;
			sourceTree = "<group>";
		};
		850904BC171F704A009F125C /* InfoPlist.strings */ = {
			isa = PBXVariantGroup;
			children = (
				850904BD171F704A009F125C /* en */,
			);
			name = InfoPlist.strings;
			sourceTree = "<group>";
		};
/* End PBXVariantGroup section */

/* Begin XCBuildConfiguration section */
		850904C2171F704A009F125C /* Debug */ = {
			isa = XCBuildConfiguration;
			buildSettings = {
				ALWAYS_SEARCH_USER_PATHS = NO;
				CLANG_CXX_LANGUAGE_STANDARD = "gnu++0x";
				CLANG_CXX_LIBRARY = "libc++";
				CLANG_ENABLE_OBJC_ARC = YES;
				CLANG_WARN_CONSTANT_CONVERSION = YES;
				CLANG_WARN_EMPTY_BODY = YES;
				CLANG_WARN_ENUM_CONVERSION = YES;
				CLANG_WARN_INT_CONVERSION = YES;
				CLANG_WARN__DUPLICATE_METHOD_MATCH = YES;
				"CODE_SIGN_IDENTITY[sdk=iphoneos*]" = "iPhone Developer";
				COPY_PHASE_STRIP = NO;
				GCC_C_LANGUAGE_STANDARD = gnu99;
				GCC_DYNAMIC_NO_PIC = NO;
				GCC_OPTIMIZATION_LEVEL = 0;
				GCC_PREPROCESSOR_DEFINITIONS = (
					"DEBUG=1",
					"$(inherited)",
				);
				GCC_SYMBOLS_PRIVATE_EXTERN = NO;
				GCC_WARN_ABOUT_RETURN_TYPE = YES;
				GCC_WARN_UNINITIALIZED_AUTOS = YES;
				GCC_WARN_UNUSED_VARIABLE = YES;
				IPHONEOS_DEPLOYMENT_TARGET = 6.1;
				ONLY_ACTIVE_ARCH = YES;
				SDKROOT = iphoneos;
			};
			name = Debug;
		};
		850904C3171F704A009F125C /* Release */ = {
			isa = XCBuildConfiguration;
			buildSettings = {
				ALWAYS_SEARCH_USER_PATHS = NO;
				CLANG_CXX_LANGUAGE_STANDARD = "gnu++0x";
				CLANG_CXX_LIBRARY = "libc++";
				CLANG_ENABLE_OBJC_ARC = YES;
				CLANG_WARN_CONSTANT_CONVERSION = YES;
				CLANG_WARN_EMPTY_BODY = YES;
				CLANG_WARN_ENUM_CONVERSION = YES;
				CLANG_WARN_INT_CONVERSION = YES;
				CLANG_WARN__DUPLICATE_METHOD_MATCH = YES;
				"CODE_SIGN_IDENTITY[sdk=iphoneos*]" = "iPhone Developer";
				COPY_PHASE_STRIP = YES;
				GCC_C_LANGUAGE_STANDARD = gnu99;
				GCC_WARN_ABOUT_RETURN_TYPE = YES;
				GCC_WARN_UNINITIALIZED_AUTOS = YES;
				GCC_WARN_UNUSED_VARIABLE = YES;
				IPHONEOS_DEPLOYMENT_TARGET = 6.1;
				OTHER_CFLAGS = "-DNS_BLOCK_ASSERTIONS=1";
				SDKROOT = iphoneos;
				VALIDATE_PRODUCT = YES;
			};
			name = Release;
		};
		850904C5171F704A009F125C /* Debug */ = {
			isa = XCBuildConfiguration;
			buildSettings = {
				GCC_PRECOMPILE_PREFIX_HEADER = YES;
				GCC_PREFIX_HEADER = "iPoochie/iPoochie-Prefix.pch";
				INFOPLIST_FILE = "iPoochie/iPoochie-Info.plist";
				PRODUCT_NAME = "$(TARGET_NAME)";
				WRAPPER_EXTENSION = app;
			};
			name = Debug;
		};
		850904C6171F704A009F125C /* Release */ = {
			isa = XCBuildConfiguration;
			buildSettings = {
				GCC_PRECOMPILE_PREFIX_HEADER = YES;
				GCC_PREFIX_HEADER = "iPoochie/iPoochie-Prefix.pch";
				INFOPLIST_FILE = "iPoochie/iPoochie-Info.plist";
				PRODUCT_NAME = "$(TARGET_NAME)";
				WRAPPER_EXTENSION = app;
			};
			name = Release;
		};
		850904C8171F704A009F125C /* Debug */ = {
			isa = XCBuildConfiguration;
			buildSettings = {
				BUNDLE_LOADER = "$(BUILT_PRODUCTS_DIR)/iPoochie.app/iPoochie";
				FRAMEWORK_SEARCH_PATHS = (
					"\"$(SDKROOT)/Developer/Library/Frameworks\"",
					"\"$(DEVELOPER_LIBRARY_DIR)/Frameworks\"",
				);
				GCC_PRECOMPILE_PREFIX_HEADER = YES;
				GCC_PREFIX_HEADER = "iPoochie/iPoochie-Prefix.pch";
				INFOPLIST_FILE = "iPoochieTests/iPoochieTests-Info.plist";
				PRODUCT_NAME = "$(TARGET_NAME)";
				TEST_HOST = "$(BUNDLE_LOADER)";
				WRAPPER_EXTENSION = octest;
			};
			name = Debug;
		};
		850904C9171F704A009F125C /* Release */ = {
			isa = XCBuildConfiguration;
			buildSettings = {
				BUNDLE_LOADER = "$(BUILT_PRODUCTS_DIR)/iPoochie.app/iPoochie";
				FRAMEWORK_SEARCH_PATHS = (
					"\"$(SDKROOT)/Developer/Library/Frameworks\"",
					"\"$(DEVELOPER_LIBRARY_DIR)/Frameworks\"",
				);
				GCC_PRECOMPILE_PREFIX_HEADER = YES;
				GCC_PREFIX_HEADER = "iPoochie/iPoochie-Prefix.pch";
				INFOPLIST_FILE = "iPoochieTests/iPoochieTests-Info.plist";
				PRODUCT_NAME = "$(TARGET_NAME)";
				TEST_HOST = "$(BUNDLE_LOADER)";
				WRAPPER_EXTENSION = octest;
			};
			name = Release;
		};
/* End XCBuildConfiguration section */

/* Begin XCConfigurationList section */
		8509048D171F7049009F125C /* Build configuration list for PBXProject "iPoochie" */ = {
			isa = XCConfigurationList;
			buildConfigurations = (
				850904C2171F704A009F125C /* Debug */,
				850904C3171F704A009F125C /* Release */,
			);
			defaultConfigurationIsVisible = 0;
			defaultConfigurationName = Release;
		};
		850904C4171F704A009F125C /* Build configuration list for PBXNativeTarget "iPoochie" */ = {
			isa = XCConfigurationList;
			buildConfigurations = (
				850904C5171F704A009F125C /* Debug */,
				850904C6171F704A009F125C /* Release */,
			);
			defaultConfigurationIsVisible = 0;
			defaultConfigurationName = Release;
		};
		850904C7171F704A009F125C /* Build configuration list for PBXNativeTarget "iPoochieTests" */ = {
			isa = XCConfigurationList;
			buildConfigurations = (
				850904C8171F704A009F125C /* Debug */,
				850904C9171F704A009F125C /* Release */,
			);
			defaultConfigurationIsVisible = 0;
			defaultConfigurationName = Release;
		};
/* End XCConfigurationList section */
	};
	rootObject = 8509048A171F7049009F125C /* Project object */;
}
